// !$*UTF8*$!
{
	archiveVersion = 1;
	classes = {
	};
	objectVersion = 46;
	objects = {

/* Begin PBXBuildFile section */
		B72D18591826FBBF00BD1A2D /* VehicleMotionService.m in Sources */ = {isa = PBXBuildFile; fileRef = B72D18581826FBBF00BD1A2D /* VehicleMotionService.m */; };
		B72D185C1826FC4F00BD1A2D /* NotificationService.m in Sources */ = {isa = PBXBuildFile; fileRef = B72D185B1826FC4F00BD1A2D /* NotificationService.m */; };
		B72D185F1826FE8100BD1A2D /* FirmataService.m in Sources */ = {isa = PBXBuildFile; fileRef = B72D185E1826FE8100BD1A2D /* FirmataService.m */; };
		B72D18621826FEA600BD1A2D /* BleBridgeService.m in Sources */ = {isa = PBXBuildFile; fileRef = B72D18611826FEA600BD1A2D /* BleBridgeService.m */; };
		B72D18651826FED500BD1A2D /* ControllerService.m in Sources */ = {isa = PBXBuildFile; fileRef = B72D18641826FED500BD1A2D /* ControllerService.m */; };
		B72E580118104B8F00745BD8 /* BleService.m in Sources */ = {isa = PBXBuildFile; fileRef = B72E580018104B8F00745BD8 /* BleService.m */; };
		B73447C318305596006F76C2 /* ButtonActionCharacteristic.m in Sources */ = {isa = PBXBuildFile; fileRef = B73447C218305596006F76C2 /* ButtonActionCharacteristic.m */; };
		B75EC50917FA85EE000309FF /* LeDiscoveryManager.m in Sources */ = {isa = PBXBuildFile; fileRef = B75EC50817FA85EE000309FF /* LeDiscoveryManager.m */; };
		B75EC50F17FB39CD000309FF /* ModulesCollectionViewController.m in Sources */ = {isa = PBXBuildFile; fileRef = B75EC50E17FB39CD000309FF /* ModulesCollectionViewController.m */; };
		B75EC51417FB3F6D000309FF /* ModuleCollectionViewCell.m in Sources */ = {isa = PBXBuildFile; fileRef = B75EC51317FB3F6D000309FF /* ModuleCollectionViewCell.m */; };
		B75EC51817FB49D8000309FF /* Module.m in Sources */ = {isa = PBXBuildFile; fileRef = B75EC51717FB49D8000309FF /* Module.m */; };
		B75EC54917FB7AF7000309FF /* KeyboardModuleTableViewController.m in Sources */ = {isa = PBXBuildFile; fileRef = B75EC54817FB7AF7000309FF /* KeyboardModuleTableViewController.m */; };
		B7851D4417FDFDAB00181C53 /* LeDiscoveryTableViewController.m in Sources */ = {isa = PBXBuildFile; fileRef = B7851D4317FDFDAB00181C53 /* LeDiscoveryTableViewController.m */; };
		B78D3FC81832CCC00058BFD6 /* Images.xcassets in Resources */ = {isa = PBXBuildFile; fileRef = B78D3FC71832CCC00058BFD6 /* Images.xcassets */; };
		B79D7863183C5F3000CB68D8 /* VerticalJoystickControlView.m in Sources */ = {isa = PBXBuildFile; fileRef = B79D7862183C5F2F00CB68D8 /* VerticalJoystickControlView.m */; };
		B79D7866183C60D400CB68D8 /* HorizontalJoystickControlView.m in Sources */ = {isa = PBXBuildFile; fileRef = B79D7865183C60D400CB68D8 /* HorizontalJoystickControlView.m */; };
		B79D78BC183D343B00CB68D8 /* MFLJoystick.m in Sources */ = {isa = PBXBuildFile; fileRef = B79D78BA183D343B00CB68D8 /* MFLJoystick.m */; };
		B79D78C0183D5D2D00CB68D8 /* LEDTableViewCell.m in Sources */ = {isa = PBXBuildFile; fileRef = B79D78BF183D5D2D00CB68D8 /* LEDTableViewCell.m */; };
		B79D78C8183DA58400CB68D8 /* red-a.png in Resources */ = {isa = PBXBuildFile; fileRef = B79D78C4183DA58400CB68D8 /* red-a.png */; };
		B79D78C9183DA58400CB68D8 /* blue-x.png in Resources */ = {isa = PBXBuildFile; fileRef = B79D78C5183DA58400CB68D8 /* blue-x.png */; };
		B79D78CA183DA58400CB68D8 /* yellow-b.png in Resources */ = {isa = PBXBuildFile; fileRef = B79D78C6183DA58400CB68D8 /* yellow-b.png */; };
		B79D78CC183DAA3C00CB68D8 /* green-y.png in Resources */ = {isa = PBXBuildFile; fileRef = B79D78CB183DAA3C00CB68D8 /* green-y.png */; };
		B79D78D3183E4FB500CB68D8 /* OBShapedButton.m in Sources */ = {isa = PBXBuildFile; fileRef = B79D78CF183E4FB500CB68D8 /* OBShapedButton.m */; };
		B79D78D4183E4FB500CB68D8 /* UIImage+ColorAtPixel.m in Sources */ = {isa = PBXBuildFile; fileRef = B79D78D2183E4FB500CB68D8 /* UIImage+ColorAtPixel.m */; };
		B7A8C3851832C5EE009A4577 /* SideMenuTableViewController.m in Sources */ = {isa = PBXBuildFile; fileRef = B7A8C3841832C5EE009A4577 /* SideMenuTableViewController.m */; };
		B7A8C38F1832C726009A4577 /* RECommonFunctions.m in Sources */ = {isa = PBXBuildFile; fileRef = B7A8C38A1832C726009A4577 /* RECommonFunctions.m */; };
		B7A8C3901832C726009A4577 /* RESideMenu.m in Sources */ = {isa = PBXBuildFile; fileRef = B7A8C38C1832C726009A4577 /* RESideMenu.m */; };
		B7A8C3911832C726009A4577 /* UIViewController+RESideMenu.m in Sources */ = {isa = PBXBuildFile; fileRef = B7A8C38E1832C726009A4577 /* UIViewController+RESideMenu.m */; };
		B7A8C3941832CB69009A4577 /* BleduinoRootController.m in Sources */ = {isa = PBXBuildFile; fileRef = B7A8C3931832CB69009A4577 /* BleduinoRootController.m */; };
		B7B3F81217FDFF7200DCDAF5 /* ble-bridge-2.png in Resources */ = {isa = PBXBuildFile; fileRef = B7B3F7FE17FDFF7200DCDAF5 /* ble-bridge-2.png */; };
		B7B3F81317FDFF7200DCDAF5 /* ble-bridge-2@2x.png in Resources */ = {isa = PBXBuildFile; fileRef = B7B3F7FF17FDFF7200DCDAF5 /* ble-bridge-2@2x.png */; };
		B7B3F81417FDFF7200DCDAF5 /* ble-bridge.png in Resources */ = {isa = PBXBuildFile; fileRef = B7B3F80017FDFF7200DCDAF5 /* ble-bridge.png */; };
		B7B3F81517FDFF7200DCDAF5 /* ble-bridge@2x.png in Resources */ = {isa = PBXBuildFile; fileRef = B7B3F80117FDFF7200DCDAF5 /* ble-bridge@2x.png */; };
		B7B3F81617FDFF7200DCDAF5 /* game-controller-2.png in Resources */ = {isa = PBXBuildFile; fileRef = B7B3F80217FDFF7200DCDAF5 /* game-controller-2.png */; };
		B7B3F81717FDFF7200DCDAF5 /* game-controller-2@2x.png in Resources */ = {isa = PBXBuildFile; fileRef = B7B3F80317FDFF7200DCDAF5 /* game-controller-2@2x.png */; };
		B7B3F81817FDFF7200DCDAF5 /* game-controller.png in Resources */ = {isa = PBXBuildFile; fileRef = B7B3F80417FDFF7200DCDAF5 /* game-controller.png */; };
		B7B3F81917FDFF7200DCDAF5 /* game-controller@2x.png in Resources */ = {isa = PBXBuildFile; fileRef = B7B3F80517FDFF7200DCDAF5 /* game-controller@2x.png */; };
		B7B3F81A17FDFF7200DCDAF5 /* keyboard.png in Resources */ = {isa = PBXBuildFile; fileRef = B7B3F80617FDFF7200DCDAF5 /* keyboard.png */; };
		B7B3F81B17FDFF7200DCDAF5 /* keyboard@2x.png in Resources */ = {isa = PBXBuildFile; fileRef = B7B3F80717FDFF7200DCDAF5 /* keyboard@2x.png */; };
		B7B3F81C17FDFF7200DCDAF5 /* lcd.png in Resources */ = {isa = PBXBuildFile; fileRef = B7B3F80817FDFF7200DCDAF5 /* lcd.png */; };
		B7B3F81D17FDFF7200DCDAF5 /* lcd@2x.png in Resources */ = {isa = PBXBuildFile; fileRef = B7B3F80917FDFF7200DCDAF5 /* lcd@2x.png */; };
		B7B3F81E17FDFF7200DCDAF5 /* led.png in Resources */ = {isa = PBXBuildFile; fileRef = B7B3F80A17FDFF7200DCDAF5 /* led.png */; };
		B7B3F81F17FDFF7200DCDAF5 /* led@2x.png in Resources */ = {isa = PBXBuildFile; fileRef = B7B3F80B17FDFF7200DCDAF5 /* led@2x.png */; };
		B7B3F82017FDFF7200DCDAF5 /* notifications.png in Resources */ = {isa = PBXBuildFile; fileRef = B7B3F80C17FDFF7200DCDAF5 /* notifications.png */; };
		B7B3F82117FDFF7200DCDAF5 /* notifications@2x.png in Resources */ = {isa = PBXBuildFile; fileRef = B7B3F80D17FDFF7200DCDAF5 /* notifications@2x.png */; };
		B7B3F82217FDFF7200DCDAF5 /* power-relay.png in Resources */ = {isa = PBXBuildFile; fileRef = B7B3F80E17FDFF7200DCDAF5 /* power-relay.png */; };
		B7B3F82317FDFF7200DCDAF5 /* power-relay@2x.png in Resources */ = {isa = PBXBuildFile; fileRef = B7B3F80F17FDFF7200DCDAF5 /* power-relay@2x.png */; };
		B7B3F82417FDFF7200DCDAF5 /* rc-car.png in Resources */ = {isa = PBXBuildFile; fileRef = B7B3F81017FDFF7200DCDAF5 /* rc-car.png */; };
		B7B3F82517FDFF7200DCDAF5 /* rc-car@2x.png in Resources */ = {isa = PBXBuildFile; fileRef = B7B3F81117FDFF7200DCDAF5 /* rc-car@2x.png */; };
		B7B562F318289D7D0056C6EE /* ThrottleYawRollPitchCharacteristic.m in Sources */ = {isa = PBXBuildFile; fileRef = B7B562F218289D7D0056C6EE /* ThrottleYawRollPitchCharacteristic.m */; };
		B7B73BF217F256B3008E6769 /* Foundation.framework in Frameworks */ = {isa = PBXBuildFile; fileRef = B7B73BF117F256B3008E6769 /* Foundation.framework */; };
		B7B73BF417F256B3008E6769 /* CoreGraphics.framework in Frameworks */ = {isa = PBXBuildFile; fileRef = B7B73BF317F256B3008E6769 /* CoreGraphics.framework */; };
		B7B73BF617F256B3008E6769 /* UIKit.framework in Frameworks */ = {isa = PBXBuildFile; fileRef = B7B73BF517F256B3008E6769 /* UIKit.framework */; };
		B7B73BFC17F256B3008E6769 /* InfoPlist.strings in Resources */ = {isa = PBXBuildFile; fileRef = B7B73BFA17F256B3008E6769 /* InfoPlist.strings */; };
		B7B73BFE17F256B3008E6769 /* main.m in Sources */ = {isa = PBXBuildFile; fileRef = B7B73BFD17F256B3008E6769 /* main.m */; };
		B7B73C0217F256B3008E6769 /* AppDelegate.m in Sources */ = {isa = PBXBuildFile; fileRef = B7B73C0117F256B3008E6769 /* AppDelegate.m */; };
		B7B73C0517F256B3008E6769 /* Main.storyboard in Resources */ = {isa = PBXBuildFile; fileRef = B7B73C0317F256B3008E6769 /* Main.storyboard */; };
		B7B73C1117F256B3008E6769 /* XCTest.framework in Frameworks */ = {isa = PBXBuildFile; fileRef = B7B73C1017F256B3008E6769 /* XCTest.framework */; };
		B7B73C1217F256B3008E6769 /* Foundation.framework in Frameworks */ = {isa = PBXBuildFile; fileRef = B7B73BF117F256B3008E6769 /* Foundation.framework */; };
		B7B73C1317F256B3008E6769 /* UIKit.framework in Frameworks */ = {isa = PBXBuildFile; fileRef = B7B73BF517F256B3008E6769 /* UIKit.framework */; };
		B7B73C1B17F256B3008E6769 /* InfoPlist.strings in Resources */ = {isa = PBXBuildFile; fileRef = B7B73C1917F256B3008E6769 /* InfoPlist.strings */; };
		B7B73C1D17F256B3008E6769 /* BLEduinoTests.m in Sources */ = {isa = PBXBuildFile; fileRef = B7B73C1C17F256B3008E6769 /* BLEduinoTests.m */; };
		B7B73C2717F25920008E6769 /* CoreBluetooth.framework in Frameworks */ = {isa = PBXBuildFile; fileRef = B7B73C2617F25920008E6769 /* CoreBluetooth.framework */; };
		B7B73C2917F25927008E6769 /* QuartzCore.framework in Frameworks */ = {isa = PBXBuildFile; fileRef = B7B73C2817F25927008E6769 /* QuartzCore.framework */; };
		B7B73C2D17F25A58008E6769 /* UARTService.m in Sources */ = {isa = PBXBuildFile; fileRef = B7B73C2C17F25A58008E6769 /* UARTService.m */; };
		B7BEFC1D1832E25A00EA6E78 /* 4f.png in Resources */ = {isa = PBXBuildFile; fileRef = B7BEFC131832E25A00EA6E78 /* 4f.png */; };
		B7BEFC1E1832E25A00EA6E78 /* 5f.png in Resources */ = {isa = PBXBuildFile; fileRef = B7BEFC141832E25A00EA6E78 /* 5f.png */; };
		B7BEFC1F1832E25A00EA6E78 /* 6f.png in Resources */ = {isa = PBXBuildFile; fileRef = B7BEFC151832E25A00EA6E78 /* 6f.png */; };
		B7BEFC201832E25A00EA6E78 /* 7f.png in Resources */ = {isa = PBXBuildFile; fileRef = B7BEFC161832E25A00EA6E78 /* 7f.png */; };
		B7BEFC211832E25A00EA6E78 /* 3f.png in Resources */ = {isa = PBXBuildFile; fileRef = B7BEFC171832E25A00EA6E78 /* 3f.png */; };
		B7BEFC221832E25A00EA6E78 /* 2f.png in Resources */ = {isa = PBXBuildFile; fileRef = B7BEFC181832E25A00EA6E78 /* 2f.png */; };
		B7BEFC231832E25A00EA6E78 /* 1f.png in Resources */ = {isa = PBXBuildFile; fileRef = B7BEFC191832E25A00EA6E78 /* 1f.png */; };
		B7BEFC241832E25A00EA6E78 /* 0f.png in Resources */ = {isa = PBXBuildFile; fileRef = B7BEFC1A1832E25A00EA6E78 /* 0f.png */; };
		B7BEFC271832E95D00EA6E78 /* modules.png in Resources */ = {isa = PBXBuildFile; fileRef = B7BEFC251832E95D00EA6E78 /* modules.png */; };
		B7BEFC281832E95D00EA6E78 /* menu.png in Resources */ = {isa = PBXBuildFile; fileRef = B7BEFC261832E95D00EA6E78 /* menu.png */; };
		B7BEFC2B18332E7600EA6E78 /* LEDModuleTableViewController.m in Sources */ = {isa = PBXBuildFile; fileRef = B7BEFC2A18332E7600EA6E78 /* LEDModuleTableViewController.m */; };
		B7E3A787183BC8A200DD3926 /* joystick-bg.png in Resources */ = {isa = PBXBuildFile; fileRef = B7E3A786183BC8A200DD3926 /* joystick-bg.png */; };
		B7E3A789183BD12A00DD3926 /* yellow.png in Resources */ = {isa = PBXBuildFile; fileRef = B7E3A788183BD12A00DD3926 /* yellow.png */; };
		B7E3A78D183BD6C200DD3926 /* green.png in Resources */ = {isa = PBXBuildFile; fileRef = B7E3A78A183BD6C200DD3926 /* green.png */; };
		B7E3A78E183BD6C200DD3926 /* red.png in Resources */ = {isa = PBXBuildFile; fileRef = B7E3A78B183BD6C200DD3926 /* red.png */; };
		B7E3A78F183BD6C200DD3926 /* blue.png in Resources */ = {isa = PBXBuildFile; fileRef = B7E3A78C183BD6C200DD3926 /* blue.png */; };
		B7E3A792183BDAFD00DD3926 /* joystick-hold.png in Resources */ = {isa = PBXBuildFile; fileRef = B7E3A790183BDAFD00DD3926 /* joystick-hold.png */; };
		B7E3A793183BDAFD00DD3926 /* joystick-neutral.png in Resources */ = {isa = PBXBuildFile; fileRef = B7E3A791183BDAFD00DD3926 /* joystick-neutral.png */; };
		B7E3A79E183C16E300DD3926 /* JoystickControlView.m in Sources */ = {isa = PBXBuildFile; fileRef = B7E3A79D183C16E300DD3926 /* JoystickControlView.m */; };
		B7EB1CE3183080810060441E /* 4.png in Resources */ = {isa = PBXBuildFile; fileRef = B7EB1CDB183080810060441E /* 4.png */; };
		B7EB1CE4183080810060441E /* 0.png in Resources */ = {isa = PBXBuildFile; fileRef = B7EB1CDC183080810060441E /* 0.png */; };
		B7EB1CE5183080810060441E /* 5.png in Resources */ = {isa = PBXBuildFile; fileRef = B7EB1CDD183080810060441E /* 5.png */; };
		B7EB1CE6183080810060441E /* 3.png in Resources */ = {isa = PBXBuildFile; fileRef = B7EB1CDE183080810060441E /* 3.png */; };
		B7EB1CE7183080810060441E /* 2.png in Resources */ = {isa = PBXBuildFile; fileRef = B7EB1CDF183080810060441E /* 2.png */; };
		B7EB1CE8183080810060441E /* 7.png in Resources */ = {isa = PBXBuildFile; fileRef = B7EB1CE0183080810060441E /* 7.png */; };
		B7EB1CE9183080810060441E /* 1.png in Resources */ = {isa = PBXBuildFile; fileRef = B7EB1CE1183080810060441E /* 1.png */; };
		B7EB1CEA183080810060441E /* 6.png in Resources */ = {isa = PBXBuildFile; fileRef = B7EB1CE2183080810060441E /* 6.png */; };
		B7EB1CED1830972A0060441E /* BLEduinoPeripheral.m in Sources */ = {isa = PBXBuildFile; fileRef = B7EB1CEC1830972A0060441E /* BLEduinoPeripheral.m */; };
		B7EB1CF01830D6010060441E /* NotificationAttributesCharacteristic.m in Sources */ = {isa = PBXBuildFile; fileRef = B7EB1CEF1830D6010060441E /* NotificationAttributesCharacteristic.m */; };
		B7EDFDF81835A6FD002FECA0 /* PowerRelayViewController.m in Sources */ = {isa = PBXBuildFile; fileRef = B7EDFDF71835A6FD002FECA0 /* PowerRelayViewController.m */; };
		B7EDFDFB1835A788002FECA0 /* PowerSwitchButtonView.m in Sources */ = {isa = PBXBuildFile; fileRef = B7EDFDFA1835A788002FECA0 /* PowerSwitchButtonView.m */; };
		B7EDFDFE1835C22E002FECA0 /* GameControllerViewController.m in Sources */ = {isa = PBXBuildFile; fileRef = B7EDFDFD1835C22E002FECA0 /* GameControllerViewController.m */; };
		B7EDFE011835C2A0002FECA0 /* RadioControlledViewController.m in Sources */ = {isa = PBXBuildFile; fileRef = B7EDFE001835C2A0002FECA0 /* RadioControlledViewController.m */; };
		B7FAC246182AEA7E00F33CE8 /* FirmataCommandCharacteristic.m in Sources */ = {isa = PBXBuildFile; fileRef = B7FAC245182AEA7E00F33CE8 /* FirmataCommandCharacteristic.m */; };
/* End PBXBuildFile section */

/* Begin PBXContainerItemProxy section */
		B7B73C1417F256B3008E6769 /* PBXContainerItemProxy */ = {
			isa = PBXContainerItemProxy;
			containerPortal = B7B73BE617F256B3008E6769 /* Project object */;
			proxyType = 1;
			remoteGlobalIDString = B7B73BED17F256B3008E6769;
			remoteInfo = BLEduino;
		};
/* End PBXContainerItemProxy section */

/* Begin PBXFileReference section */
		B72D18571826FBBF00BD1A2D /* VehicleMotionService.h */ = {isa = PBXFileReference; fileEncoding = 4; lastKnownFileType = sourcecode.c.h; lineEnding = 0; path = VehicleMotionService.h; sourceTree = "<group>"; xcLanguageSpecificationIdentifier = xcode.lang.objcpp; };
		B72D18581826FBBF00BD1A2D /* VehicleMotionService.m */ = {isa = PBXFileReference; fileEncoding = 4; lastKnownFileType = sourcecode.c.objc; lineEnding = 0; path = VehicleMotionService.m; sourceTree = "<group>"; xcLanguageSpecificationIdentifier = xcode.lang.objc; };
		B72D185A1826FC4F00BD1A2D /* NotificationService.h */ = {isa = PBXFileReference; fileEncoding = 4; lastKnownFileType = sourcecode.c.h; lineEnding = 0; path = NotificationService.h; sourceTree = "<group>"; xcLanguageSpecificationIdentifier = xcode.lang.objcpp; };
		B72D185B1826FC4F00BD1A2D /* NotificationService.m */ = {isa = PBXFileReference; fileEncoding = 4; lastKnownFileType = sourcecode.c.objc; lineEnding = 0; path = NotificationService.m; sourceTree = "<group>"; xcLanguageSpecificationIdentifier = xcode.lang.objc; };
		B72D185D1826FE8100BD1A2D /* FirmataService.h */ = {isa = PBXFileReference; fileEncoding = 4; lastKnownFileType = sourcecode.c.h; lineEnding = 0; path = FirmataService.h; sourceTree = "<group>"; xcLanguageSpecificationIdentifier = xcode.lang.objcpp; };
		B72D185E1826FE8100BD1A2D /* FirmataService.m */ = {isa = PBXFileReference; fileEncoding = 4; lastKnownFileType = sourcecode.c.objc; lineEnding = 0; path = FirmataService.m; sourceTree = "<group>"; xcLanguageSpecificationIdentifier = xcode.lang.objc; };
		B72D18601826FEA600BD1A2D /* BleBridgeService.h */ = {isa = PBXFileReference; fileEncoding = 4; lastKnownFileType = sourcecode.c.h; path = BleBridgeService.h; sourceTree = "<group>"; };
		B72D18611826FEA600BD1A2D /* BleBridgeService.m */ = {isa = PBXFileReference; fileEncoding = 4; lastKnownFileType = sourcecode.c.objc; lineEnding = 0; path = BleBridgeService.m; sourceTree = "<group>"; xcLanguageSpecificationIdentifier = xcode.lang.objc; };
		B72D18631826FED500BD1A2D /* ControllerService.h */ = {isa = PBXFileReference; fileEncoding = 4; lastKnownFileType = sourcecode.c.h; lineEnding = 0; path = ControllerService.h; sourceTree = "<group>"; xcLanguageSpecificationIdentifier = xcode.lang.objcpp; };
		B72D18641826FED500BD1A2D /* ControllerService.m */ = {isa = PBXFileReference; fileEncoding = 4; lastKnownFileType = sourcecode.c.objc; lineEnding = 0; path = ControllerService.m; sourceTree = "<group>"; xcLanguageSpecificationIdentifier = xcode.lang.objc; };
		B72E57FF18104B8F00745BD8 /* BleService.h */ = {isa = PBXFileReference; fileEncoding = 4; lastKnownFileType = sourcecode.c.h; path = BleService.h; sourceTree = "<group>"; };
		B72E580018104B8F00745BD8 /* BleService.m */ = {isa = PBXFileReference; fileEncoding = 4; lastKnownFileType = sourcecode.c.objc; path = BleService.m; sourceTree = "<group>"; };
		B73447C118305596006F76C2 /* ButtonActionCharacteristic.h */ = {isa = PBXFileReference; fileEncoding = 4; lastKnownFileType = sourcecode.c.h; path = ButtonActionCharacteristic.h; sourceTree = "<group>"; };
		B73447C218305596006F76C2 /* ButtonActionCharacteristic.m */ = {isa = PBXFileReference; fileEncoding = 4; lastKnownFileType = sourcecode.c.objc; path = ButtonActionCharacteristic.m; sourceTree = "<group>"; };
		B75EC50717FA85EE000309FF /* LeDiscoveryManager.h */ = {isa = PBXFileReference; fileEncoding = 4; lastKnownFileType = sourcecode.c.h; path = LeDiscoveryManager.h; sourceTree = "<group>"; };
		B75EC50817FA85EE000309FF /* LeDiscoveryManager.m */ = {isa = PBXFileReference; fileEncoding = 4; lastKnownFileType = sourcecode.c.objc; path = LeDiscoveryManager.m; sourceTree = "<group>"; };
		B75EC50D17FB39CD000309FF /* ModulesCollectionViewController.h */ = {isa = PBXFileReference; fileEncoding = 4; lastKnownFileType = sourcecode.c.h; path = ModulesCollectionViewController.h; sourceTree = "<group>"; };
		B75EC50E17FB39CD000309FF /* ModulesCollectionViewController.m */ = {isa = PBXFileReference; fileEncoding = 4; lastKnownFileType = sourcecode.c.objc; path = ModulesCollectionViewController.m; sourceTree = "<group>"; };
		B75EC51217FB3F6D000309FF /* ModuleCollectionViewCell.h */ = {isa = PBXFileReference; fileEncoding = 4; lastKnownFileType = sourcecode.c.h; path = ModuleCollectionViewCell.h; sourceTree = "<group>"; };
		B75EC51317FB3F6D000309FF /* ModuleCollectionViewCell.m */ = {isa = PBXFileReference; fileEncoding = 4; lastKnownFileType = sourcecode.c.objc; path = ModuleCollectionViewCell.m; sourceTree = "<group>"; };
		B75EC51617FB49D8000309FF /* Module.h */ = {isa = PBXFileReference; fileEncoding = 4; lastKnownFileType = sourcecode.c.h; path = Module.h; sourceTree = "<group>"; };
		B75EC51717FB49D8000309FF /* Module.m */ = {isa = PBXFileReference; fileEncoding = 4; lastKnownFileType = sourcecode.c.objc; path = Module.m; sourceTree = "<group>"; };
		B75EC54717FB7AF7000309FF /* KeyboardModuleTableViewController.h */ = {isa = PBXFileReference; fileEncoding = 4; lastKnownFileType = sourcecode.c.h; path = KeyboardModuleTableViewController.h; sourceTree = "<group>"; };
		B75EC54817FB7AF7000309FF /* KeyboardModuleTableViewController.m */ = {isa = PBXFileReference; fileEncoding = 4; lastKnownFileType = sourcecode.c.objc; path = KeyboardModuleTableViewController.m; sourceTree = "<group>"; };
		B7851D4217FDFDAB00181C53 /* LeDiscoveryTableViewController.h */ = {isa = PBXFileReference; fileEncoding = 4; lastKnownFileType = sourcecode.c.h; path = LeDiscoveryTableViewController.h; sourceTree = "<group>"; };
		B7851D4317FDFDAB00181C53 /* LeDiscoveryTableViewController.m */ = {isa = PBXFileReference; fileEncoding = 4; lastKnownFileType = sourcecode.c.objc; path = LeDiscoveryTableViewController.m; sourceTree = "<group>"; };
		B78D3FC71832CCC00058BFD6 /* Images.xcassets */ = {isa = PBXFileReference; lastKnownFileType = folder.assetcatalog; name = Images.xcassets; path = BLEduino/Images.xcassets; sourceTree = "<group>"; };
		B79D7861183C5F2F00CB68D8 /* VerticalJoystickControlView.h */ = {isa = PBXFileReference; fileEncoding = 4; lastKnownFileType = sourcecode.c.h; path = VerticalJoystickControlView.h; sourceTree = "<group>"; };
		B79D7862183C5F2F00CB68D8 /* VerticalJoystickControlView.m */ = {isa = PBXFileReference; fileEncoding = 4; lastKnownFileType = sourcecode.c.objc; path = VerticalJoystickControlView.m; sourceTree = "<group>"; };
		B79D7864183C60D400CB68D8 /* HorizontalJoystickControlView.h */ = {isa = PBXFileReference; fileEncoding = 4; lastKnownFileType = sourcecode.c.h; path = HorizontalJoystickControlView.h; sourceTree = "<group>"; };
		B79D7865183C60D400CB68D8 /* HorizontalJoystickControlView.m */ = {isa = PBXFileReference; fileEncoding = 4; lastKnownFileType = sourcecode.c.objc; path = HorizontalJoystickControlView.m; sourceTree = "<group>"; };
		B79D78BA183D343B00CB68D8 /* MFLJoystick.m */ = {isa = PBXFileReference; fileEncoding = 4; lastKnownFileType = sourcecode.c.objc; path = MFLJoystick.m; sourceTree = "<group>"; };
		B79D78BB183D343B00CB68D8 /* MFLJoystick.h */ = {isa = PBXFileReference; fileEncoding = 4; lastKnownFileType = sourcecode.c.h; path = MFLJoystick.h; sourceTree = "<group>"; };
		B79D78BE183D5D2D00CB68D8 /* LEDTableViewCell.h */ = {isa = PBXFileReference; fileEncoding = 4; lastKnownFileType = sourcecode.c.h; path = LEDTableViewCell.h; sourceTree = "<group>"; };
		B79D78BF183D5D2D00CB68D8 /* LEDTableViewCell.m */ = {isa = PBXFileReference; fileEncoding = 4; lastKnownFileType = sourcecode.c.objc; path = LEDTableViewCell.m; sourceTree = "<group>"; };
		B79D78C4183DA58400CB68D8 /* red-a.png */ = {isa = PBXFileReference; lastKnownFileType = image.png; path = "red-a.png"; sourceTree = "<group>"; };
		B79D78C5183DA58400CB68D8 /* blue-x.png */ = {isa = PBXFileReference; lastKnownFileType = image.png; path = "blue-x.png"; sourceTree = "<group>"; };
		B79D78C6183DA58400CB68D8 /* yellow-b.png */ = {isa = PBXFileReference; lastKnownFileType = image.png; path = "yellow-b.png"; sourceTree = "<group>"; };
		B79D78CB183DAA3C00CB68D8 /* green-y.png */ = {isa = PBXFileReference; lastKnownFileType = image.png; path = "green-y.png"; sourceTree = "<group>"; };
		B79D78CE183E4FB500CB68D8 /* OBShapedButton.h */ = {isa = PBXFileReference; fileEncoding = 4; lastKnownFileType = sourcecode.c.h; path = OBShapedButton.h; sourceTree = "<group>"; };
		B79D78CF183E4FB500CB68D8 /* OBShapedButton.m */ = {isa = PBXFileReference; fileEncoding = 4; lastKnownFileType = sourcecode.c.objc; path = OBShapedButton.m; sourceTree = "<group>"; };
		B79D78D1183E4FB500CB68D8 /* UIImage+ColorAtPixel.h */ = {isa = PBXFileReference; fileEncoding = 4; lastKnownFileType = sourcecode.c.h; path = "UIImage+ColorAtPixel.h"; sourceTree = "<group>"; };
		B79D78D2183E4FB500CB68D8 /* UIImage+ColorAtPixel.m */ = {isa = PBXFileReference; fileEncoding = 4; lastKnownFileType = sourcecode.c.objc; path = "UIImage+ColorAtPixel.m"; sourceTree = "<group>"; };
		B7A8C3831832C5EE009A4577 /* SideMenuTableViewController.h */ = {isa = PBXFileReference; fileEncoding = 4; lastKnownFileType = sourcecode.c.h; path = SideMenuTableViewController.h; sourceTree = "<group>"; };
		B7A8C3841832C5EE009A4577 /* SideMenuTableViewController.m */ = {isa = PBXFileReference; fileEncoding = 4; lastKnownFileType = sourcecode.c.objc; path = SideMenuTableViewController.m; sourceTree = "<group>"; };
		B7A8C3891832C726009A4577 /* RECommonFunctions.h */ = {isa = PBXFileReference; fileEncoding = 4; lastKnownFileType = sourcecode.c.h; path = RECommonFunctions.h; sourceTree = "<group>"; };
		B7A8C38A1832C726009A4577 /* RECommonFunctions.m */ = {isa = PBXFileReference; fileEncoding = 4; lastKnownFileType = sourcecode.c.objc; path = RECommonFunctions.m; sourceTree = "<group>"; };
		B7A8C38B1832C726009A4577 /* RESideMenu.h */ = {isa = PBXFileReference; fileEncoding = 4; lastKnownFileType = sourcecode.c.h; path = RESideMenu.h; sourceTree = "<group>"; };
		B7A8C38C1832C726009A4577 /* RESideMenu.m */ = {isa = PBXFileReference; fileEncoding = 4; lastKnownFileType = sourcecode.c.objc; path = RESideMenu.m; sourceTree = "<group>"; };
		B7A8C38D1832C726009A4577 /* UIViewController+RESideMenu.h */ = {isa = PBXFileReference; fileEncoding = 4; lastKnownFileType = sourcecode.c.h; path = "UIViewController+RESideMenu.h"; sourceTree = "<group>"; };
		B7A8C38E1832C726009A4577 /* UIViewController+RESideMenu.m */ = {isa = PBXFileReference; fileEncoding = 4; lastKnownFileType = sourcecode.c.objc; path = "UIViewController+RESideMenu.m"; sourceTree = "<group>"; };
		B7A8C3921832CB69009A4577 /* BleduinoRootController.h */ = {isa = PBXFileReference; fileEncoding = 4; lastKnownFileType = sourcecode.c.h; path = BleduinoRootController.h; sourceTree = "<group>"; };
		B7A8C3931832CB69009A4577 /* BleduinoRootController.m */ = {isa = PBXFileReference; fileEncoding = 4; lastKnownFileType = sourcecode.c.objc; path = BleduinoRootController.m; sourceTree = "<group>"; };
		B7B3F7FE17FDFF7200DCDAF5 /* ble-bridge-2.png */ = {isa = PBXFileReference; lastKnownFileType = image.png; name = "ble-bridge-2.png"; path = "Images/ble-bridge-2.png"; sourceTree = SOURCE_ROOT; };
		B7B3F7FF17FDFF7200DCDAF5 /* ble-bridge-2@2x.png */ = {isa = PBXFileReference; lastKnownFileType = image.png; name = "ble-bridge-2@2x.png"; path = "Images/ble-bridge-2@2x.png"; sourceTree = SOURCE_ROOT; };
		B7B3F80017FDFF7200DCDAF5 /* ble-bridge.png */ = {isa = PBXFileReference; lastKnownFileType = image.png; name = "ble-bridge.png"; path = "Images/ble-bridge.png"; sourceTree = SOURCE_ROOT; };
		B7B3F80117FDFF7200DCDAF5 /* ble-bridge@2x.png */ = {isa = PBXFileReference; lastKnownFileType = image.png; name = "ble-bridge@2x.png"; path = "Images/ble-bridge@2x.png"; sourceTree = SOURCE_ROOT; };
		B7B3F80217FDFF7200DCDAF5 /* game-controller-2.png */ = {isa = PBXFileReference; lastKnownFileType = image.png; name = "game-controller-2.png"; path = "Images/game-controller-2.png"; sourceTree = SOURCE_ROOT; };
		B7B3F80317FDFF7200DCDAF5 /* game-controller-2@2x.png */ = {isa = PBXFileReference; lastKnownFileType = image.png; name = "game-controller-2@2x.png"; path = "Images/game-controller-2@2x.png"; sourceTree = SOURCE_ROOT; };
		B7B3F80417FDFF7200DCDAF5 /* game-controller.png */ = {isa = PBXFileReference; lastKnownFileType = image.png; name = "game-controller.png"; path = "Images/game-controller.png"; sourceTree = SOURCE_ROOT; };
		B7B3F80517FDFF7200DCDAF5 /* game-controller@2x.png */ = {isa = PBXFileReference; lastKnownFileType = image.png; name = "game-controller@2x.png"; path = "Images/game-controller@2x.png"; sourceTree = SOURCE_ROOT; };
		B7B3F80617FDFF7200DCDAF5 /* keyboard.png */ = {isa = PBXFileReference; lastKnownFileType = image.png; name = keyboard.png; path = Images/keyboard.png; sourceTree = SOURCE_ROOT; };
		B7B3F80717FDFF7200DCDAF5 /* keyboard@2x.png */ = {isa = PBXFileReference; lastKnownFileType = image.png; name = "keyboard@2x.png"; path = "Images/keyboard@2x.png"; sourceTree = SOURCE_ROOT; };
		B7B3F80817FDFF7200DCDAF5 /* lcd.png */ = {isa = PBXFileReference; lastKnownFileType = image.png; name = lcd.png; path = Images/lcd.png; sourceTree = SOURCE_ROOT; };
		B7B3F80917FDFF7200DCDAF5 /* lcd@2x.png */ = {isa = PBXFileReference; lastKnownFileType = image.png; name = "lcd@2x.png"; path = "Images/lcd@2x.png"; sourceTree = SOURCE_ROOT; };
		B7B3F80A17FDFF7200DCDAF5 /* led.png */ = {isa = PBXFileReference; lastKnownFileType = image.png; name = led.png; path = Images/led.png; sourceTree = SOURCE_ROOT; };
		B7B3F80B17FDFF7200DCDAF5 /* led@2x.png */ = {isa = PBXFileReference; lastKnownFileType = image.png; name = "led@2x.png"; path = "Images/led@2x.png"; sourceTree = SOURCE_ROOT; };
		B7B3F80C17FDFF7200DCDAF5 /* notifications.png */ = {isa = PBXFileReference; lastKnownFileType = image.png; name = notifications.png; path = Images/notifications.png; sourceTree = SOURCE_ROOT; };
		B7B3F80D17FDFF7200DCDAF5 /* notifications@2x.png */ = {isa = PBXFileReference; lastKnownFileType = image.png; name = "notifications@2x.png"; path = "Images/notifications@2x.png"; sourceTree = SOURCE_ROOT; };
		B7B3F80E17FDFF7200DCDAF5 /* power-relay.png */ = {isa = PBXFileReference; lastKnownFileType = image.png; name = "power-relay.png"; path = "Images/power-relay.png"; sourceTree = SOURCE_ROOT; };
		B7B3F80F17FDFF7200DCDAF5 /* power-relay@2x.png */ = {isa = PBXFileReference; lastKnownFileType = image.png; name = "power-relay@2x.png"; path = "Images/power-relay@2x.png"; sourceTree = SOURCE_ROOT; };
		B7B3F81017FDFF7200DCDAF5 /* rc-car.png */ = {isa = PBXFileReference; lastKnownFileType = image.png; name = "rc-car.png"; path = "Images/rc-car.png"; sourceTree = SOURCE_ROOT; };
		B7B3F81117FDFF7200DCDAF5 /* rc-car@2x.png */ = {isa = PBXFileReference; lastKnownFileType = image.png; name = "rc-car@2x.png"; path = "Images/rc-car@2x.png"; sourceTree = SOURCE_ROOT; };
		B7B562F118289D7D0056C6EE /* ThrottleYawRollPitchCharacteristic.h */ = {isa = PBXFileReference; fileEncoding = 4; lastKnownFileType = sourcecode.c.h; path = ThrottleYawRollPitchCharacteristic.h; sourceTree = "<group>"; };
		B7B562F218289D7D0056C6EE /* ThrottleYawRollPitchCharacteristic.m */ = {isa = PBXFileReference; fileEncoding = 4; lastKnownFileType = sourcecode.c.objc; path = ThrottleYawRollPitchCharacteristic.m; sourceTree = "<group>"; };
		B7B73BEE17F256B3008E6769 /* BLEduino.app */ = {isa = PBXFileReference; explicitFileType = wrapper.application; includeInIndex = 0; path = BLEduino.app; sourceTree = BUILT_PRODUCTS_DIR; };
		B7B73BF117F256B3008E6769 /* Foundation.framework */ = {isa = PBXFileReference; lastKnownFileType = wrapper.framework; name = Foundation.framework; path = System/Library/Frameworks/Foundation.framework; sourceTree = SDKROOT; };
		B7B73BF317F256B3008E6769 /* CoreGraphics.framework */ = {isa = PBXFileReference; lastKnownFileType = wrapper.framework; name = CoreGraphics.framework; path = System/Library/Frameworks/CoreGraphics.framework; sourceTree = SDKROOT; };
		B7B73BF517F256B3008E6769 /* UIKit.framework */ = {isa = PBXFileReference; lastKnownFileType = wrapper.framework; name = UIKit.framework; path = System/Library/Frameworks/UIKit.framework; sourceTree = SDKROOT; };
		B7B73BF917F256B3008E6769 /* BLEduino-Info.plist */ = {isa = PBXFileReference; lastKnownFileType = text.plist.xml; path = "BLEduino-Info.plist"; sourceTree = "<group>"; };
		B7B73BFB17F256B3008E6769 /* en */ = {isa = PBXFileReference; lastKnownFileType = text.plist.strings; name = en; path = en.lproj/InfoPlist.strings; sourceTree = "<group>"; };
		B7B73BFD17F256B3008E6769 /* main.m */ = {isa = PBXFileReference; lastKnownFileType = sourcecode.c.objc; path = main.m; sourceTree = "<group>"; };
		B7B73BFF17F256B3008E6769 /* BLEduino-Prefix.pch */ = {isa = PBXFileReference; lastKnownFileType = sourcecode.c.h; path = "BLEduino-Prefix.pch"; sourceTree = "<group>"; };
		B7B73C0017F256B3008E6769 /* AppDelegate.h */ = {isa = PBXFileReference; lastKnownFileType = sourcecode.c.h; path = AppDelegate.h; sourceTree = "<group>"; };
		B7B73C0117F256B3008E6769 /* AppDelegate.m */ = {isa = PBXFileReference; lastKnownFileType = sourcecode.c.objc; path = AppDelegate.m; sourceTree = "<group>"; };
		B7B73C0417F256B3008E6769 /* Base */ = {isa = PBXFileReference; lastKnownFileType = file.storyboard; name = Base; path = Base.lproj/Main.storyboard; sourceTree = "<group>"; };
		B7B73C0F17F256B3008E6769 /* BLEduinoTests.xctest */ = {isa = PBXFileReference; explicitFileType = wrapper.cfbundle; includeInIndex = 0; path = BLEduinoTests.xctest; sourceTree = BUILT_PRODUCTS_DIR; };
		B7B73C1017F256B3008E6769 /* XCTest.framework */ = {isa = PBXFileReference; lastKnownFileType = wrapper.framework; name = XCTest.framework; path = Library/Frameworks/XCTest.framework; sourceTree = DEVELOPER_DIR; };
		B7B73C1817F256B3008E6769 /* BLEduinoTests-Info.plist */ = {isa = PBXFileReference; lastKnownFileType = text.plist.xml; path = "BLEduinoTests-Info.plist"; sourceTree = "<group>"; };
		B7B73C1A17F256B3008E6769 /* en */ = {isa = PBXFileReference; lastKnownFileType = text.plist.strings; name = en; path = en.lproj/InfoPlist.strings; sourceTree = "<group>"; };
		B7B73C1C17F256B3008E6769 /* BLEduinoTests.m */ = {isa = PBXFileReference; lastKnownFileType = sourcecode.c.objc; path = BLEduinoTests.m; sourceTree = "<group>"; };
		B7B73C2617F25920008E6769 /* CoreBluetooth.framework */ = {isa = PBXFileReference; lastKnownFileType = wrapper.framework; name = CoreBluetooth.framework; path = System/Library/Frameworks/CoreBluetooth.framework; sourceTree = SDKROOT; };
		B7B73C2817F25927008E6769 /* QuartzCore.framework */ = {isa = PBXFileReference; lastKnownFileType = wrapper.framework; name = QuartzCore.framework; path = System/Library/Frameworks/QuartzCore.framework; sourceTree = SDKROOT; };
		B7B73C2B17F25A58008E6769 /* UARTService.h */ = {isa = PBXFileReference; fileEncoding = 4; lastKnownFileType = sourcecode.c.h; path = UARTService.h; sourceTree = "<group>"; };
		B7B73C2C17F25A58008E6769 /* UARTService.m */ = {isa = PBXFileReference; fileEncoding = 4; lastKnownFileType = sourcecode.c.objc; lineEnding = 0; path = UARTService.m; sourceTree = "<group>"; xcLanguageSpecificationIdentifier = xcode.lang.objc; };
		B7BEFC131832E25A00EA6E78 /* 4f.png */ = {isa = PBXFileReference; lastKnownFileType = image.png; path = 4f.png; sourceTree = "<group>"; };
		B7BEFC141832E25A00EA6E78 /* 5f.png */ = {isa = PBXFileReference; lastKnownFileType = image.png; path = 5f.png; sourceTree = "<group>"; };
		B7BEFC151832E25A00EA6E78 /* 6f.png */ = {isa = PBXFileReference; lastKnownFileType = image.png; path = 6f.png; sourceTree = "<group>"; };
		B7BEFC161832E25A00EA6E78 /* 7f.png */ = {isa = PBXFileReference; lastKnownFileType = image.png; path = 7f.png; sourceTree = "<group>"; };
		B7BEFC171832E25A00EA6E78 /* 3f.png */ = {isa = PBXFileReference; lastKnownFileType = image.png; path = 3f.png; sourceTree = "<group>"; };
		B7BEFC181832E25A00EA6E78 /* 2f.png */ = {isa = PBXFileReference; lastKnownFileType = image.png; path = 2f.png; sourceTree = "<group>"; };
		B7BEFC191832E25A00EA6E78 /* 1f.png */ = {isa = PBXFileReference; lastKnownFileType = image.png; path = 1f.png; sourceTree = "<group>"; };
		B7BEFC1A1832E25A00EA6E78 /* 0f.png */ = {isa = PBXFileReference; lastKnownFileType = image.png; path = 0f.png; sourceTree = "<group>"; };
		B7BEFC251832E95D00EA6E78 /* modules.png */ = {isa = PBXFileReference; lastKnownFileType = image.png; path = modules.png; sourceTree = "<group>"; };
		B7BEFC261832E95D00EA6E78 /* menu.png */ = {isa = PBXFileReference; lastKnownFileType = image.png; path = menu.png; sourceTree = "<group>"; };
		B7BEFC2918332E7600EA6E78 /* LEDModuleTableViewController.h */ = {isa = PBXFileReference; fileEncoding = 4; lastKnownFileType = sourcecode.c.h; path = LEDModuleTableViewController.h; sourceTree = "<group>"; };
		B7BEFC2A18332E7600EA6E78 /* LEDModuleTableViewController.m */ = {isa = PBXFileReference; fileEncoding = 4; lastKnownFileType = sourcecode.c.objc; path = LEDModuleTableViewController.m; sourceTree = "<group>"; };
		B7E3A786183BC8A200DD3926 /* joystick-bg.png */ = {isa = PBXFileReference; lastKnownFileType = image.png; path = "joystick-bg.png"; sourceTree = "<group>"; };
		B7E3A788183BD12A00DD3926 /* yellow.png */ = {isa = PBXFileReference; lastKnownFileType = image.png; path = yellow.png; sourceTree = "<group>"; };
		B7E3A78A183BD6C200DD3926 /* green.png */ = {isa = PBXFileReference; lastKnownFileType = image.png; path = green.png; sourceTree = "<group>"; };
		B7E3A78B183BD6C200DD3926 /* red.png */ = {isa = PBXFileReference; lastKnownFileType = image.png; path = red.png; sourceTree = "<group>"; };
		B7E3A78C183BD6C200DD3926 /* blue.png */ = {isa = PBXFileReference; lastKnownFileType = image.png; path = blue.png; sourceTree = "<group>"; };
		B7E3A790183BDAFD00DD3926 /* joystick-hold.png */ = {isa = PBXFileReference; lastKnownFileType = image.png; path = "joystick-hold.png"; sourceTree = "<group>"; };
		B7E3A791183BDAFD00DD3926 /* joystick-neutral.png */ = {isa = PBXFileReference; lastKnownFileType = image.png; path = "joystick-neutral.png"; sourceTree = "<group>"; };
		B7E3A79C183C16E300DD3926 /* JoystickControlView.h */ = {isa = PBXFileReference; fileEncoding = 4; lastKnownFileType = sourcecode.c.h; path = JoystickControlView.h; sourceTree = "<group>"; };
		B7E3A79D183C16E300DD3926 /* JoystickControlView.m */ = {isa = PBXFileReference; fileEncoding = 4; lastKnownFileType = sourcecode.c.objc; path = JoystickControlView.m; sourceTree = "<group>"; };
		B7EB1CDB183080810060441E /* 4.png */ = {isa = PBXFileReference; lastKnownFileType = image.png; path = 4.png; sourceTree = "<group>"; };
		B7EB1CDC183080810060441E /* 0.png */ = {isa = PBXFileReference; lastKnownFileType = image.png; path = 0.png; sourceTree = "<group>"; };
		B7EB1CDD183080810060441E /* 5.png */ = {isa = PBXFileReference; lastKnownFileType = image.png; path = 5.png; sourceTree = "<group>"; };
		B7EB1CDE183080810060441E /* 3.png */ = {isa = PBXFileReference; lastKnownFileType = image.png; path = 3.png; sourceTree = "<group>"; };
		B7EB1CDF183080810060441E /* 2.png */ = {isa = PBXFileReference; lastKnownFileType = image.png; path = 2.png; sourceTree = "<group>"; };
		B7EB1CE0183080810060441E /* 7.png */ = {isa = PBXFileReference; lastKnownFileType = image.png; path = 7.png; sourceTree = "<group>"; };
		B7EB1CE1183080810060441E /* 1.png */ = {isa = PBXFileReference; lastKnownFileType = image.png; path = 1.png; sourceTree = "<group>"; };
		B7EB1CE2183080810060441E /* 6.png */ = {isa = PBXFileReference; lastKnownFileType = image.png; path = 6.png; sourceTree = "<group>"; };
		B7EB1CEB1830972A0060441E /* BLEduinoPeripheral.h */ = {isa = PBXFileReference; fileEncoding = 4; lastKnownFileType = sourcecode.c.h; path = BLEduinoPeripheral.h; sourceTree = "<group>"; };
		B7EB1CEC1830972A0060441E /* BLEduinoPeripheral.m */ = {isa = PBXFileReference; fileEncoding = 4; lastKnownFileType = sourcecode.c.objc; path = BLEduinoPeripheral.m; sourceTree = "<group>"; };
		B7EB1CEE1830D6010060441E /* NotificationAttributesCharacteristic.h */ = {isa = PBXFileReference; fileEncoding = 4; lastKnownFileType = sourcecode.c.h; path = NotificationAttributesCharacteristic.h; sourceTree = "<group>"; };
		B7EB1CEF1830D6010060441E /* NotificationAttributesCharacteristic.m */ = {isa = PBXFileReference; fileEncoding = 4; lastKnownFileType = sourcecode.c.objc; path = NotificationAttributesCharacteristic.m; sourceTree = "<group>"; };
		B7EDFDF61835A6FD002FECA0 /* PowerRelayViewController.h */ = {isa = PBXFileReference; fileEncoding = 4; lastKnownFileType = sourcecode.c.h; path = PowerRelayViewController.h; sourceTree = "<group>"; };
		B7EDFDF71835A6FD002FECA0 /* PowerRelayViewController.m */ = {isa = PBXFileReference; fileEncoding = 4; lastKnownFileType = sourcecode.c.objc; path = PowerRelayViewController.m; sourceTree = "<group>"; };
		B7EDFDF91835A788002FECA0 /* PowerSwitchButtonView.h */ = {isa = PBXFileReference; fileEncoding = 4; lastKnownFileType = sourcecode.c.h; path = PowerSwitchButtonView.h; sourceTree = "<group>"; };
		B7EDFDFA1835A788002FECA0 /* PowerSwitchButtonView.m */ = {isa = PBXFileReference; fileEncoding = 4; lastKnownFileType = sourcecode.c.objc; path = PowerSwitchButtonView.m; sourceTree = "<group>"; };
		B7EDFDFC1835C22E002FECA0 /* GameControllerViewController.h */ = {isa = PBXFileReference; fileEncoding = 4; lastKnownFileType = sourcecode.c.h; path = GameControllerViewController.h; sourceTree = "<group>"; };
		B7EDFDFD1835C22E002FECA0 /* GameControllerViewController.m */ = {isa = PBXFileReference; fileEncoding = 4; lastKnownFileType = sourcecode.c.objc; path = GameControllerViewController.m; sourceTree = "<group>"; };
		B7EDFDFF1835C2A0002FECA0 /* RadioControlledViewController.h */ = {isa = PBXFileReference; fileEncoding = 4; lastKnownFileType = sourcecode.c.h; path = RadioControlledViewController.h; sourceTree = "<group>"; };
		B7EDFE001835C2A0002FECA0 /* RadioControlledViewController.m */ = {isa = PBXFileReference; fileEncoding = 4; lastKnownFileType = sourcecode.c.objc; path = RadioControlledViewController.m; sourceTree = "<group>"; };
		B7FAC244182AEA7E00F33CE8 /* FirmataCommandCharacteristic.h */ = {isa = PBXFileReference; fileEncoding = 4; lastKnownFileType = sourcecode.c.h; path = FirmataCommandCharacteristic.h; sourceTree = "<group>"; };
		B7FAC245182AEA7E00F33CE8 /* FirmataCommandCharacteristic.m */ = {isa = PBXFileReference; fileEncoding = 4; lastKnownFileType = sourcecode.c.objc; path = FirmataCommandCharacteristic.m; sourceTree = "<group>"; };
/* End PBXFileReference section */

/* Begin PBXFrameworksBuildPhase section */
		B7B73BEB17F256B3008E6769 /* Frameworks */ = {
			isa = PBXFrameworksBuildPhase;
			buildActionMask = 2147483647;
			files = (
				B7B73C2917F25927008E6769 /* QuartzCore.framework in Frameworks */,
				B7B73C2717F25920008E6769 /* CoreBluetooth.framework in Frameworks */,
				B7B73BF417F256B3008E6769 /* CoreGraphics.framework in Frameworks */,
				B7B73BF617F256B3008E6769 /* UIKit.framework in Frameworks */,
				B7B73BF217F256B3008E6769 /* Foundation.framework in Frameworks */,
			);
			runOnlyForDeploymentPostprocessing = 0;
		};
		B7B73C0C17F256B3008E6769 /* Frameworks */ = {
			isa = PBXFrameworksBuildPhase;
			buildActionMask = 2147483647;
			files = (
				B7B73C1117F256B3008E6769 /* XCTest.framework in Frameworks */,
				B7B73C1317F256B3008E6769 /* UIKit.framework in Frameworks */,
				B7B73C1217F256B3008E6769 /* Foundation.framework in Frameworks */,
			);
			runOnlyForDeploymentPostprocessing = 0;
		};
/* End PBXFrameworksBuildPhase section */

/* Begin PBXGroup section */
		B75EC51517FB415F000309FF /* ModulesConrtoller */ = {
			isa = PBXGroup;
			children = (
				B75EC51217FB3F6D000309FF /* ModuleCollectionViewCell.h */,
				B75EC51317FB3F6D000309FF /* ModuleCollectionViewCell.m */,
				B75EC50D17FB39CD000309FF /* ModulesCollectionViewController.h */,
				B75EC50E17FB39CD000309FF /* ModulesCollectionViewController.m */,
				B75EC51617FB49D8000309FF /* Module.h */,
				B75EC51717FB49D8000309FF /* Module.m */,
			);
			name = ModulesConrtoller;
			path = ..;
			sourceTree = "<group>";
		};
		B75EC54A17FB7B0D000309FF /* Keyboard */ = {
			isa = PBXGroup;
			children = (
				B75EC54717FB7AF7000309FF /* KeyboardModuleTableViewController.h */,
				B75EC54817FB7AF7000309FF /* KeyboardModuleTableViewController.m */,
			);
			name = Keyboard;
			path = ..;
			sourceTree = "<group>";
		};
		B75EC54B17FB7B27000309FF /* Modules */ = {
			isa = PBXGroup;
			children = (
				B75EC54A17FB7B0D000309FF /* Keyboard */,
				B79D7867183C65D000CB68D8 /* LEDs */,
				B7E3A798183C135500DD3926 /* PowerRelay */,
				B7E3A794183C0B3800DD3926 /* GameController */,
				B79D7860183C5CE400CB68D8 /* RadioControlled */,
			);
			name = Modules;
			sourceTree = "<group>";
		};
		B7851D4517FDFE4400181C53 /* Images */ = {
			isa = PBXGroup;
			children = (
				B7B3F7FE17FDFF7200DCDAF5 /* ble-bridge-2.png */,
				B7B3F7FF17FDFF7200DCDAF5 /* ble-bridge-2@2x.png */,
				B7B3F80017FDFF7200DCDAF5 /* ble-bridge.png */,
				B7B3F80117FDFF7200DCDAF5 /* ble-bridge@2x.png */,
				B7B3F80217FDFF7200DCDAF5 /* game-controller-2.png */,
				B7B3F80317FDFF7200DCDAF5 /* game-controller-2@2x.png */,
				B7B3F80417FDFF7200DCDAF5 /* game-controller.png */,
				B7B3F80517FDFF7200DCDAF5 /* game-controller@2x.png */,
				B7B3F80617FDFF7200DCDAF5 /* keyboard.png */,
				B7B3F80717FDFF7200DCDAF5 /* keyboard@2x.png */,
				B7B3F80817FDFF7200DCDAF5 /* lcd.png */,
				B7B3F80917FDFF7200DCDAF5 /* lcd@2x.png */,
				B7B3F80A17FDFF7200DCDAF5 /* led.png */,
				B7B3F80B17FDFF7200DCDAF5 /* led@2x.png */,
				B7B3F80C17FDFF7200DCDAF5 /* notifications.png */,
				B7B3F80D17FDFF7200DCDAF5 /* notifications@2x.png */,
				B7B3F80E17FDFF7200DCDAF5 /* power-relay.png */,
				B7B3F80F17FDFF7200DCDAF5 /* power-relay@2x.png */,
				B7B3F81017FDFF7200DCDAF5 /* rc-car.png */,
				B7B3F81117FDFF7200DCDAF5 /* rc-car@2x.png */,
			);
			name = Images;
			path = "../Images/Images-2";
			sourceTree = "<group>";
		};
		B79D7860183C5CE400CB68D8 /* RadioControlled */ = {
			isa = PBXGroup;
			children = (
				B7EDFDFF1835C2A0002FECA0 /* RadioControlledViewController.h */,
				B7EDFE001835C2A0002FECA0 /* RadioControlledViewController.m */,
				B79D7861183C5F2F00CB68D8 /* VerticalJoystickControlView.h */,
				B79D7862183C5F2F00CB68D8 /* VerticalJoystickControlView.m */,
				B79D7864183C60D400CB68D8 /* HorizontalJoystickControlView.h */,
				B79D7865183C60D400CB68D8 /* HorizontalJoystickControlView.m */,
			);
			name = RadioControlled;
			sourceTree = "<group>";
		};
		B79D7867183C65D000CB68D8 /* LEDs */ = {
			isa = PBXGroup;
			children = (
				B7BEFC2918332E7600EA6E78 /* LEDModuleTableViewController.h */,
				B7BEFC2A18332E7600EA6E78 /* LEDModuleTableViewController.m */,
				B79D78BE183D5D2D00CB68D8 /* LEDTableViewCell.h */,
				B79D78BF183D5D2D00CB68D8 /* LEDTableViewCell.m */,
			);
			name = LEDs;
			sourceTree = "<group>";
		};
		B79D78BD183D344000CB68D8 /* MFLJoystick */ = {
			isa = PBXGroup;
			children = (
				B79D78BA183D343B00CB68D8 /* MFLJoystick.m */,
				B79D78BB183D343B00CB68D8 /* MFLJoystick.h */,
			);
			name = MFLJoystick;
			sourceTree = "<group>";
		};
		B79D78CD183E4FB500CB68D8 /* OBShapedButton */ = {
			isa = PBXGroup;
			children = (
				B79D78CE183E4FB500CB68D8 /* OBShapedButton.h */,
				B79D78CF183E4FB500CB68D8 /* OBShapedButton.m */,
			);
			path = OBShapedButton;
			sourceTree = "<group>";
		};
		B79D78D0183E4FB500CB68D8 /* UIImage+ColorAtPixel */ = {
			isa = PBXGroup;
			children = (
				B79D78D1183E4FB500CB68D8 /* UIImage+ColorAtPixel.h */,
				B79D78D2183E4FB500CB68D8 /* UIImage+ColorAtPixel.m */,
			);
			path = "UIImage+ColorAtPixel";
			sourceTree = "<group>";
		};
		B7A8C3881832C726009A4577 /* RESideMenu */ = {
			isa = PBXGroup;
			children = (
				B7A8C3891832C726009A4577 /* RECommonFunctions.h */,
				B7A8C38A1832C726009A4577 /* RECommonFunctions.m */,
				B7A8C38B1832C726009A4577 /* RESideMenu.h */,
				B7A8C38C1832C726009A4577 /* RESideMenu.m */,
				B7A8C38D1832C726009A4577 /* UIViewController+RESideMenu.h */,
				B7A8C38E1832C726009A4577 /* UIViewController+RESideMenu.m */,
			);
			path = RESideMenu;
			sourceTree = "<group>";
		};
		B7A8C3951832CB83009A4577 /* Menu */ = {
			isa = PBXGroup;
			children = (
				B75EC51517FB415F000309FF /* ModulesConrtoller */,
				B7B3F82C17FF701100DCDAF5 /* ConnectionController */,
				B7A8C3921832CB69009A4577 /* BleduinoRootController.h */,
				B7A8C3931832CB69009A4577 /* BleduinoRootController.m */,
				B7A8C3831832C5EE009A4577 /* SideMenuTableViewController.h */,
				B7A8C3841832C5EE009A4577 /* SideMenuTableViewController.m */,
			);
			name = Menu;
			sourceTree = "<group>";
		};
		B7B3F82617FF5FAC00DCDAF5 /* Services */ = {
			isa = PBXGroup;
			children = (
				B72E57FF18104B8F00745BD8 /* BleService.h */,
				B72E580018104B8F00745BD8 /* BleService.m */,
				B7B562F418289D8F0056C6EE /* Characteristics */,
				B7B73C2B17F25A58008E6769 /* UARTService.h */,
				B7B73C2C17F25A58008E6769 /* UARTService.m */,
				B72D18571826FBBF00BD1A2D /* VehicleMotionService.h */,
				B72D18581826FBBF00BD1A2D /* VehicleMotionService.m */,
				B72D185D1826FE8100BD1A2D /* FirmataService.h */,
				B72D185E1826FE8100BD1A2D /* FirmataService.m */,
				B72D18631826FED500BD1A2D /* ControllerService.h */,
				B72D18641826FED500BD1A2D /* ControllerService.m */,
				B72D18601826FEA600BD1A2D /* BleBridgeService.h */,
				B72D18611826FEA600BD1A2D /* BleBridgeService.m */,
				B72D185A1826FC4F00BD1A2D /* NotificationService.h */,
				B72D185B1826FC4F00BD1A2D /* NotificationService.m */,
			);
			name = Services;
			sourceTree = "<group>";
		};
		B7B3F82C17FF701100DCDAF5 /* ConnectionController */ = {
			isa = PBXGroup;
			children = (
				B7851D4217FDFDAB00181C53 /* LeDiscoveryTableViewController.h */,
				B7851D4317FDFDAB00181C53 /* LeDiscoveryTableViewController.m */,
			);
			name = ConnectionController;
			path = "BLEduino-Libray";
			sourceTree = SOURCE_ROOT;
		};
		B7B562F418289D8F0056C6EE /* Characteristics */ = {
			isa = PBXGroup;
			children = (
				B7B562F118289D7D0056C6EE /* ThrottleYawRollPitchCharacteristic.h */,
				B7B562F218289D7D0056C6EE /* ThrottleYawRollPitchCharacteristic.m */,
				B7FAC244182AEA7E00F33CE8 /* FirmataCommandCharacteristic.h */,
				B7FAC245182AEA7E00F33CE8 /* FirmataCommandCharacteristic.m */,
				B73447C118305596006F76C2 /* ButtonActionCharacteristic.h */,
				B73447C218305596006F76C2 /* ButtonActionCharacteristic.m */,
				B7EB1CEE1830D6010060441E /* NotificationAttributesCharacteristic.h */,
				B7EB1CEF1830D6010060441E /* NotificationAttributesCharacteristic.m */,
			);
			name = Characteristics;
			sourceTree = "<group>";
		};
		B7B73BE517F256B3008E6769 = {
			isa = PBXGroup;
			children = (
				B7BEFC251832E95D00EA6E78 /* modules.png */,
				B7BEFC261832E95D00EA6E78 /* menu.png */,
				B7BEFC131832E25A00EA6E78 /* 4f.png */,
				B7BEFC141832E25A00EA6E78 /* 5f.png */,
				B7BEFC151832E25A00EA6E78 /* 6f.png */,
				B7BEFC161832E25A00EA6E78 /* 7f.png */,
				B7BEFC171832E25A00EA6E78 /* 3f.png */,
				B7BEFC181832E25A00EA6E78 /* 2f.png */,
				B7BEFC191832E25A00EA6E78 /* 1f.png */,
				B7BEFC1A1832E25A00EA6E78 /* 0f.png */,
				B7EB1CDB183080810060441E /* 4.png */,
				B7EB1CDC183080810060441E /* 0.png */,
				B7EB1CDD183080810060441E /* 5.png */,
				B7EB1CDE183080810060441E /* 3.png */,
				B7EB1CDF183080810060441E /* 2.png */,
				B7EB1CE0183080810060441E /* 7.png */,
				B7EB1CE1183080810060441E /* 1.png */,
				B7EB1CE2183080810060441E /* 6.png */,
				B7E3A786183BC8A200DD3926 /* joystick-bg.png */,
				B7E3A790183BDAFD00DD3926 /* joystick-hold.png */,
				B7E3A791183BDAFD00DD3926 /* joystick-neutral.png */,
				B7E3A788183BD12A00DD3926 /* yellow.png */,
				B7E3A78A183BD6C200DD3926 /* green.png */,
				B7E3A78B183BD6C200DD3926 /* red.png */,
				B7E3A78C183BD6C200DD3926 /* blue.png */,
				B79D78C4183DA58400CB68D8 /* red-a.png */,
				B79D78C5183DA58400CB68D8 /* blue-x.png */,
				B79D78C6183DA58400CB68D8 /* yellow-b.png */,
				B79D78CB183DAA3C00CB68D8 /* green-y.png */,
				B7B73BF717F256B3008E6769 /* BLEduino */,
				B7B73C1617F256B3008E6769 /* BLEduinoTests */,
				B78D3FC71832CCC00058BFD6 /* Images.xcassets */,
				B7B73BF017F256B3008E6769 /* Frameworks */,
				B7B73BEF17F256B3008E6769 /* Products */,
			);
			sourceTree = "<group>";
		};
		B7B73BEF17F256B3008E6769 /* Products */ = {
			isa = PBXGroup;
			children = (
				B7B73BEE17F256B3008E6769 /* BLEduino.app */,
				B7B73C0F17F256B3008E6769 /* BLEduinoTests.xctest */,
			);
			name = Products;
			sourceTree = "<group>";
		};
		B7B73BF017F256B3008E6769 /* Frameworks */ = {
			isa = PBXGroup;
			children = (
				B79D78CD183E4FB500CB68D8 /* OBShapedButton */,
				B79D78D0183E4FB500CB68D8 /* UIImage+ColorAtPixel */,
				B79D78BD183D344000CB68D8 /* MFLJoystick */,
				B7A8C3881832C726009A4577 /* RESideMenu */,
				B7B73C2617F25920008E6769 /* CoreBluetooth.framework */,
				B7B73C2817F25927008E6769 /* QuartzCore.framework */,
				B7B73BF117F256B3008E6769 /* Foundation.framework */,
				B7B73BF317F256B3008E6769 /* CoreGraphics.framework */,
				B7B73BF517F256B3008E6769 /* UIKit.framework */,
				B7B73C1017F256B3008E6769 /* XCTest.framework */,
			);
			name = Frameworks;
			sourceTree = "<group>";
		};
		B7B73BF717F256B3008E6769 /* BLEduino */ = {
			isa = PBXGroup;
			children = (
				B7B73C0017F256B3008E6769 /* AppDelegate.h */,
				B7B73C0117F256B3008E6769 /* AppDelegate.m */,
				B7B73C0317F256B3008E6769 /* Main.storyboard */,
				B7B73C2A17F259C6008E6769 /* BLEduino-Library */,
				B7A8C3951832CB83009A4577 /* Menu */,
				B75EC54B17FB7B27000309FF /* Modules */,
				B7B73BF817F256B3008E6769 /* Supporting Files */,
				B7851D4517FDFE4400181C53 /* Images */,
			);
			path = BLEduino;
			sourceTree = "<group>";
		};
		B7B73BF817F256B3008E6769 /* Supporting Files */ = {
			isa = PBXGroup;
			children = (
				B7B73BF917F256B3008E6769 /* BLEduino-Info.plist */,
				B7B73BFA17F256B3008E6769 /* InfoPlist.strings */,
				B7B73BFD17F256B3008E6769 /* main.m */,
				B7B73BFF17F256B3008E6769 /* BLEduino-Prefix.pch */,
			);
			name = "Supporting Files";
			sourceTree = "<group>";
		};
		B7B73C1617F256B3008E6769 /* BLEduinoTests */ = {
			isa = PBXGroup;
			children = (
				B7B73C1C17F256B3008E6769 /* BLEduinoTests.m */,
				B7B73C1717F256B3008E6769 /* Supporting Files */,
			);
			path = BLEduinoTests;
			sourceTree = "<group>";
		};
		B7B73C1717F256B3008E6769 /* Supporting Files */ = {
			isa = PBXGroup;
			children = (
				B7B73C1817F256B3008E6769 /* BLEduinoTests-Info.plist */,
				B7B73C1917F256B3008E6769 /* InfoPlist.strings */,
			);
			name = "Supporting Files";
			sourceTree = "<group>";
		};
		B7B73C2A17F259C6008E6769 /* BLEduino-Library */ = {
			isa = PBXGroup;
			children = (
				B7B3F82617FF5FAC00DCDAF5 /* Services */,
				B75EC50717FA85EE000309FF /* LeDiscoveryManager.h */,
				B75EC50817FA85EE000309FF /* LeDiscoveryManager.m */,
				B7EB1CEB1830972A0060441E /* BLEduinoPeripheral.h */,
				B7EB1CEC1830972A0060441E /* BLEduinoPeripheral.m */,
			);
			name = "BLEduino-Library";
			path = "BLEduino-Libray";
			sourceTree = SOURCE_ROOT;
		};
		B7E3A794183C0B3800DD3926 /* GameController */ = {
			isa = PBXGroup;
			children = (
				B7EDFDFC1835C22E002FECA0 /* GameControllerViewController.h */,
				B7EDFDFD1835C22E002FECA0 /* GameControllerViewController.m */,
				B7E3A79C183C16E300DD3926 /* JoystickControlView.h */,
				B7E3A79D183C16E300DD3926 /* JoystickControlView.m */,
			);
			name = GameController;
			sourceTree = "<group>";
		};
		B7E3A798183C135500DD3926 /* PowerRelay */ = {
			isa = PBXGroup;
			children = (
				B7EDFDF61835A6FD002FECA0 /* PowerRelayViewController.h */,
				B7EDFDF71835A6FD002FECA0 /* PowerRelayViewController.m */,
				B7EDFDF91835A788002FECA0 /* PowerSwitchButtonView.h */,
				B7EDFDFA1835A788002FECA0 /* PowerSwitchButtonView.m */,
			);
			name = PowerRelay;
			sourceTree = "<group>";
		};
/* End PBXGroup section */

/* Begin PBXNativeTarget section */
		B7B73BED17F256B3008E6769 /* BLEduino */ = {
			isa = PBXNativeTarget;
			buildConfigurationList = B7B73C2017F256B3008E6769 /* Build configuration list for PBXNativeTarget "BLEduino" */;
			buildPhases = (
				B7B73BEA17F256B3008E6769 /* Sources */,
				B7B73BEB17F256B3008E6769 /* Frameworks */,
				B7B73BEC17F256B3008E6769 /* Resources */,
			);
			buildRules = (
			);
			dependencies = (
			);
			name = BLEduino;
			productName = BLEduino;
			productReference = B7B73BEE17F256B3008E6769 /* BLEduino.app */;
			productType = "com.apple.product-type.application";
		};
		B7B73C0E17F256B3008E6769 /* BLEduinoTests */ = {
			isa = PBXNativeTarget;
			buildConfigurationList = B7B73C2317F256B3008E6769 /* Build configuration list for PBXNativeTarget "BLEduinoTests" */;
			buildPhases = (
				B7B73C0B17F256B3008E6769 /* Sources */,
				B7B73C0C17F256B3008E6769 /* Frameworks */,
				B7B73C0D17F256B3008E6769 /* Resources */,
			);
			buildRules = (
			);
			dependencies = (
				B7B73C1517F256B3008E6769 /* PBXTargetDependency */,
			);
			name = BLEduinoTests;
			productName = BLEduinoTests;
			productReference = B7B73C0F17F256B3008E6769 /* BLEduinoTests.xctest */;
			productType = "com.apple.product-type.bundle.unit-test";
		};
/* End PBXNativeTarget section */

/* Begin PBXProject section */
		B7B73BE617F256B3008E6769 /* Project object */ = {
			isa = PBXProject;
			attributes = {
				LastUpgradeCheck = 0500;
				ORGANIZATIONNAME = Kytelabs;
				TargetAttributes = {
					B7B73C0E17F256B3008E6769 = {
						TestTargetID = B7B73BED17F256B3008E6769;
					};
				};
			};
			buildConfigurationList = B7B73BE917F256B3008E6769 /* Build configuration list for PBXProject "BLEduino" */;
			compatibilityVersion = "Xcode 3.2";
			developmentRegion = English;
			hasScannedForEncodings = 0;
			knownRegions = (
				en,
				Base,
			);
			mainGroup = B7B73BE517F256B3008E6769;
			productRefGroup = B7B73BEF17F256B3008E6769 /* Products */;
			projectDirPath = "";
			projectRoot = "";
			targets = (
				B7B73BED17F256B3008E6769 /* BLEduino */,
				B7B73C0E17F256B3008E6769 /* BLEduinoTests */,
			);
		};
/* End PBXProject section */

/* Begin PBXResourcesBuildPhase section */
		B7B73BEC17F256B3008E6769 /* Resources */ = {
			isa = PBXResourcesBuildPhase;
			buildActionMask = 2147483647;
			files = (
				B7BEFC241832E25A00EA6E78 /* 0f.png in Resources */,
				B79D78CA183DA58400CB68D8 /* yellow-b.png in Resources */,
				B7E3A78D183BD6C200DD3926 /* green.png in Resources */,
				B7BEFC231832E25A00EA6E78 /* 1f.png in Resources */,
				B7E3A78E183BD6C200DD3926 /* red.png in Resources */,
				B7BEFC221832E25A00EA6E78 /* 2f.png in Resources */,
				B7B3F81E17FDFF7200DCDAF5 /* led.png in Resources */,
				B7B3F81517FDFF7200DCDAF5 /* ble-bridge@2x.png in Resources */,
				B7EB1CE7183080810060441E /* 2.png in Resources */,
				B79D78C8183DA58400CB68D8 /* red-a.png in Resources */,
				B7B3F81B17FDFF7200DCDAF5 /* keyboard@2x.png in Resources */,
				B7B3F82217FDFF7200DCDAF5 /* power-relay.png in Resources */,
				B78D3FC81832CCC00058BFD6 /* Images.xcassets in Resources */,
				B7E3A789183BD12A00DD3926 /* yellow.png in Resources */,
				B7B3F81F17FDFF7200DCDAF5 /* led@2x.png in Resources */,
				B7B3F82117FDFF7200DCDAF5 /* notifications@2x.png in Resources */,
				B7B3F81D17FDFF7200DCDAF5 /* lcd@2x.png in Resources */,
				B7EB1CE9183080810060441E /* 1.png in Resources */,
				B7BEFC1E1832E25A00EA6E78 /* 5f.png in Resources */,
				B7B3F81917FDFF7200DCDAF5 /* game-controller@2x.png in Resources */,
				B7B3F81317FDFF7200DCDAF5 /* ble-bridge-2@2x.png in Resources */,
				B79D78CC183DAA3C00CB68D8 /* green-y.png in Resources */,
				B79D78C9183DA58400CB68D8 /* blue-x.png in Resources */,
				B7B3F81217FDFF7200DCDAF5 /* ble-bridge-2.png in Resources */,
				B7EB1CEA183080810060441E /* 6.png in Resources */,
				B7E3A78F183BD6C200DD3926 /* blue.png in Resources */,
				B7E3A787183BC8A200DD3926 /* joystick-bg.png in Resources */,
				B7EB1CE5183080810060441E /* 5.png in Resources */,
				B7BEFC211832E25A00EA6E78 /* 3f.png in Resources */,
				B7EB1CE6183080810060441E /* 3.png in Resources */,
				B7B3F81617FDFF7200DCDAF5 /* game-controller-2.png in Resources */,
				B7EB1CE3183080810060441E /* 4.png in Resources */,
				B7B3F82517FDFF7200DCDAF5 /* rc-car@2x.png in Resources */,
				B7BEFC201832E25A00EA6E78 /* 7f.png in Resources */,
				B7B3F81717FDFF7200DCDAF5 /* game-controller-2@2x.png in Resources */,
				B7E3A793183BDAFD00DD3926 /* joystick-neutral.png in Resources */,
				B7EB1CE8183080810060441E /* 7.png in Resources */,
				B7B73BFC17F256B3008E6769 /* InfoPlist.strings in Resources */,
				B7E3A792183BDAFD00DD3926 /* joystick-hold.png in Resources */,
				B7BEFC1F1832E25A00EA6E78 /* 6f.png in Resources */,
				B7B3F82417FDFF7200DCDAF5 /* rc-car.png in Resources */,
				B7B73C0517F256B3008E6769 /* Main.storyboard in Resources */,
				B7BEFC271832E95D00EA6E78 /* modules.png in Resources */,
				B7B3F81A17FDFF7200DCDAF5 /* keyboard.png in Resources */,
				B7B3F81417FDFF7200DCDAF5 /* ble-bridge.png in Resources */,
				B7B3F82317FDFF7200DCDAF5 /* power-relay@2x.png in Resources */,
				B7EB1CE4183080810060441E /* 0.png in Resources */,
				B7B3F81817FDFF7200DCDAF5 /* game-controller.png in Resources */,
				B7BEFC1D1832E25A00EA6E78 /* 4f.png in Resources */,
				B7B3F81C17FDFF7200DCDAF5 /* lcd.png in Resources */,
				B7BEFC281832E95D00EA6E78 /* menu.png in Resources */,
				B7B3F82017FDFF7200DCDAF5 /* notifications.png in Resources */,
			);
			runOnlyForDeploymentPostprocessing = 0;
		};
		B7B73C0D17F256B3008E6769 /* Resources */ = {
			isa = PBXResourcesBuildPhase;
			buildActionMask = 2147483647;
			files = (
				B7B73C1B17F256B3008E6769 /* InfoPlist.strings in Resources */,
			);
			runOnlyForDeploymentPostprocessing = 0;
		};
/* End PBXResourcesBuildPhase section */

/* Begin PBXSourcesBuildPhase section */
		B7B73BEA17F256B3008E6769 /* Sources */ = {
			isa = PBXSourcesBuildPhase;
			buildActionMask = 2147483647;
			files = (
				B7B73C2D17F25A58008E6769 /* UARTService.m in Sources */,
				B7851D4417FDFDAB00181C53 /* LeDiscoveryTableViewController.m in Sources */,
				B72D18591826FBBF00BD1A2D /* VehicleMotionService.m in Sources */,
				B72D18651826FED500BD1A2D /* ControllerService.m in Sources */,
				B75EC51417FB3F6D000309FF /* ModuleCollectionViewCell.m in Sources */,
				B7A8C3941832CB69009A4577 /* BleduinoRootController.m in Sources */,
				B75EC51817FB49D8000309FF /* Module.m in Sources */,
				B79D78C0183D5D2D00CB68D8 /* LEDTableViewCell.m in Sources */,
				B7B73C0217F256B3008E6769 /* AppDelegate.m in Sources */,
				B7EDFDFB1835A788002FECA0 /* PowerSwitchButtonView.m in Sources */,
				B79D78D4183E4FB500CB68D8 /* UIImage+ColorAtPixel.m in Sources */,
				B7A8C3901832C726009A4577 /* RESideMenu.m in Sources */,
				B72E580118104B8F00745BD8 /* BleService.m in Sources */,
				B7EB1CF01830D6010060441E /* NotificationAttributesCharacteristic.m in Sources */,
				B7A8C38F1832C726009A4577 /* RECommonFunctions.m in Sources */,
				B79D78BC183D343B00CB68D8 /* MFLJoystick.m in Sources */,
				B75EC50F17FB39CD000309FF /* ModulesCollectionViewController.m in Sources */,
				B7B562F318289D7D0056C6EE /* ThrottleYawRollPitchCharacteristic.m in Sources */,
				B72D185C1826FC4F00BD1A2D /* NotificationService.m in Sources */,
				B7A8C3851832C5EE009A4577 /* SideMenuTableViewController.m in Sources */,
				B75EC50917FA85EE000309FF /* LeDiscoveryManager.m in Sources */,
				B73447C318305596006F76C2 /* ButtonActionCharacteristic.m in Sources */,
				B7A8C3911832C726009A4577 /* UIViewController+RESideMenu.m in Sources */,
				B7BEFC2B18332E7600EA6E78 /* LEDModuleTableViewController.m in Sources */,
				B7EB1CED1830972A0060441E /* BLEduinoPeripheral.m in Sources */,
				B7FAC246182AEA7E00F33CE8 /* FirmataCommandCharacteristic.m in Sources */,
				B79D78D3183E4FB500CB68D8 /* OBShapedButton.m in Sources */,
				B75EC54917FB7AF7000309FF /* KeyboardModuleTableViewController.m in Sources */,
				B7B73BFE17F256B3008E6769 /* main.m in Sources */,
				B7E3A79E183C16E300DD3926 /* JoystickControlView.m in Sources */,
				B7EDFDF81835A6FD002FECA0 /* PowerRelayViewController.m in Sources */,
				B79D7866183C60D400CB68D8 /* HorizontalJoystickControlView.m in Sources */,
				B7EDFE011835C2A0002FECA0 /* RadioControlledViewController.m in Sources */,
				B72D18621826FEA600BD1A2D /* BleBridgeService.m in Sources */,
				B72D185F1826FE8100BD1A2D /* FirmataService.m in Sources */,
				B79D7863183C5F3000CB68D8 /* VerticalJoystickControlView.m in Sources */,
				B7EDFDFE1835C22E002FECA0 /* GameControllerViewController.m in Sources */,
			);
			runOnlyForDeploymentPostprocessing = 0;
		};
		B7B73C0B17F256B3008E6769 /* Sources */ = {
			isa = PBXSourcesBuildPhase;
			buildActionMask = 2147483647;
			files = (
				B7B73C1D17F256B3008E6769 /* BLEduinoTests.m in Sources */,
			);
			runOnlyForDeploymentPostprocessing = 0;
		};
/* End PBXSourcesBuildPhase section */

/* Begin PBXTargetDependency section */
		B7B73C1517F256B3008E6769 /* PBXTargetDependency */ = {
			isa = PBXTargetDependency;
			target = B7B73BED17F256B3008E6769 /* BLEduino */;
			targetProxy = B7B73C1417F256B3008E6769 /* PBXContainerItemProxy */;
		};
/* End PBXTargetDependency section */

/* Begin PBXVariantGroup section */
		B7B73BFA17F256B3008E6769 /* InfoPlist.strings */ = {
			isa = PBXVariantGroup;
			children = (
				B7B73BFB17F256B3008E6769 /* en */,
			);
			name = InfoPlist.strings;
			sourceTree = "<group>";
		};
		B7B73C0317F256B3008E6769 /* Main.storyboard */ = {
			isa = PBXVariantGroup;
			children = (
				B7B73C0417F256B3008E6769 /* Base */,
			);
			name = Main.storyboard;
			sourceTree = "<group>";
		};
		B7B73C1917F256B3008E6769 /* InfoPlist.strings */ = {
			isa = PBXVariantGroup;
			children = (
				B7B73C1A17F256B3008E6769 /* en */,
			);
			name = InfoPlist.strings;
			sourceTree = "<group>";
		};
/* End PBXVariantGroup section */

/* Begin XCBuildConfiguration section */
		B7B73C1E17F256B3008E6769 /* Debug */ = {
			isa = XCBuildConfiguration;
			buildSettings = {
				ALWAYS_SEARCH_USER_PATHS = NO;
				ARCHS = "$(ARCHS_STANDARD_INCLUDING_64_BIT)";
				CLANG_CXX_LANGUAGE_STANDARD = "gnu++0x";
				CLANG_CXX_LIBRARY = "libc++";
				CLANG_ENABLE_MODULES = YES;
				CLANG_ENABLE_OBJC_ARC = YES;
				CLANG_WARN_BOOL_CONVERSION = YES;
				CLANG_WARN_CONSTANT_CONVERSION = YES;
				CLANG_WARN_DIRECT_OBJC_ISA_USAGE = YES_ERROR;
				CLANG_WARN_EMPTY_BODY = YES;
				CLANG_WARN_ENUM_CONVERSION = YES;
				CLANG_WARN_INT_CONVERSION = YES;
				CLANG_WARN_OBJC_ROOT_CLASS = YES_ERROR;
				CLANG_WARN__DUPLICATE_METHOD_MATCH = YES;
				"CODE_SIGN_IDENTITY[sdk=iphoneos*]" = "iPhone Developer";
				COPY_PHASE_STRIP = NO;
				GCC_C_LANGUAGE_STANDARD = gnu99;
				GCC_DYNAMIC_NO_PIC = NO;
				GCC_OPTIMIZATION_LEVEL = 0;
				GCC_PREPROCESSOR_DEFINITIONS = (
					"DEBUG=1",
					"$(inherited)",
				);
				GCC_SYMBOLS_PRIVATE_EXTERN = NO;
				GCC_WARN_64_TO_32_BIT_CONVERSION = YES;
				GCC_WARN_ABOUT_RETURN_TYPE = YES_ERROR;
				GCC_WARN_UNDECLARED_SELECTOR = YES;
				GCC_WARN_UNINITIALIZED_AUTOS = YES;
				GCC_WARN_UNUSED_FUNCTION = YES;
				GCC_WARN_UNUSED_VARIABLE = YES;
				IPHONEOS_DEPLOYMENT_TARGET = 7.0;
				ONLY_ACTIVE_ARCH = YES;
				SDKROOT = iphoneos;
			};
			name = Debug;
		};
		B7B73C1F17F256B3008E6769 /* Release */ = {
			isa = XCBuildConfiguration;
			buildSettings = {
				ALWAYS_SEARCH_USER_PATHS = NO;
				ARCHS = "$(ARCHS_STANDARD_INCLUDING_64_BIT)";
				CLANG_CXX_LANGUAGE_STANDARD = "gnu++0x";
				CLANG_CXX_LIBRARY = "libc++";
				CLANG_ENABLE_MODULES = YES;
				CLANG_ENABLE_OBJC_ARC = YES;
				CLANG_WARN_BOOL_CONVERSION = YES;
				CLANG_WARN_CONSTANT_CONVERSION = YES;
				CLANG_WARN_DIRECT_OBJC_ISA_USAGE = YES_ERROR;
				CLANG_WARN_EMPTY_BODY = YES;
				CLANG_WARN_ENUM_CONVERSION = YES;
				CLANG_WARN_INT_CONVERSION = YES;
				CLANG_WARN_OBJC_ROOT_CLASS = YES_ERROR;
				CLANG_WARN__DUPLICATE_METHOD_MATCH = YES;
				"CODE_SIGN_IDENTITY[sdk=iphoneos*]" = "iPhone Developer";
				COPY_PHASE_STRIP = YES;
				ENABLE_NS_ASSERTIONS = NO;
				GCC_C_LANGUAGE_STANDARD = gnu99;
				GCC_WARN_64_TO_32_BIT_CONVERSION = YES;
				GCC_WARN_ABOUT_RETURN_TYPE = YES_ERROR;
				GCC_WARN_UNDECLARED_SELECTOR = YES;
				GCC_WARN_UNINITIALIZED_AUTOS = YES;
				GCC_WARN_UNUSED_FUNCTION = YES;
				GCC_WARN_UNUSED_VARIABLE = YES;
				IPHONEOS_DEPLOYMENT_TARGET = 7.0;
				SDKROOT = iphoneos;
				VALIDATE_PRODUCT = YES;
			};
			name = Release;
		};
		B7B73C2117F256B3008E6769 /* Debug */ = {
			isa = XCBuildConfiguration;
			buildSettings = {
				ASSETCATALOG_COMPILER_APPICON_NAME = AppIcon;
				ASSETCATALOG_COMPILER_LAUNCHIMAGE_NAME = LaunchImage;
				GCC_PRECOMPILE_PREFIX_HEADER = YES;
				GCC_PREFIX_HEADER = "BLEduino/BLEduino-Prefix.pch";
				INFOPLIST_FILE = "BLEduino/BLEduino-Info.plist";
				PRODUCT_NAME = "$(TARGET_NAME)";
				WRAPPER_EXTENSION = app;
			};
			name = Debug;
		};
		B7B73C2217F256B3008E6769 /* Release */ = {
			isa = XCBuildConfiguration;
			buildSettings = {
				ASSETCATALOG_COMPILER_APPICON_NAME = AppIcon;
				ASSETCATALOG_COMPILER_LAUNCHIMAGE_NAME = LaunchImage;
				GCC_PRECOMPILE_PREFIX_HEADER = YES;
				GCC_PREFIX_HEADER = "BLEduino/BLEduino-Prefix.pch";
				INFOPLIST_FILE = "BLEduino/BLEduino-Info.plist";
				PRODUCT_NAME = "$(TARGET_NAME)";
				WRAPPER_EXTENSION = app;
			};
			name = Release;
		};
		B7B73C2417F256B3008E6769 /* Debug */ = {
			isa = XCBuildConfiguration;
			buildSettings = {
				ARCHS = "$(ARCHS_STANDARD_INCLUDING_64_BIT)";
				BUNDLE_LOADER = "$(BUILT_PRODUCTS_DIR)/BLEduino.app/BLEduino";
				FRAMEWORK_SEARCH_PATHS = (
					"$(SDKROOT)/Developer/Library/Frameworks",
					"$(inherited)",
					"$(DEVELOPER_FRAMEWORKS_DIR)",
				);
				GCC_PRECOMPILE_PREFIX_HEADER = YES;
				GCC_PREFIX_HEADER = "BLEduino/BLEduino-Prefix.pch";
				GCC_PREPROCESSOR_DEFINITIONS = (
					"DEBUG=1",
					"$(inherited)",
				);
				INFOPLIST_FILE = "BLEduinoTests/BLEduinoTests-Info.plist";
				PRODUCT_NAME = "$(TARGET_NAME)";
				TEST_HOST = "$(BUNDLE_LOADER)";
				WRAPPER_EXTENSION = xctest;
			};
			name = Debug;
		};
		B7B73C2517F256B3008E6769 /* Release */ = {
			isa = XCBuildConfiguration;
			buildSettings = {
				ARCHS = "$(ARCHS_STANDARD_INCLUDING_64_BIT)";
				BUNDLE_LOADER = "$(BUILT_PRODUCTS_DIR)/BLEduino.app/BLEduino";
				FRAMEWORK_SEARCH_PATHS = (
					"$(SDKROOT)/Developer/Library/Frameworks",
					"$(inherited)",
					"$(DEVELOPER_FRAMEWORKS_DIR)",
				);
				GCC_PRECOMPILE_PREFIX_HEADER = YES;
				GCC_PREFIX_HEADER = "BLEduino/BLEduino-Prefix.pch";
				INFOPLIST_FILE = "BLEduinoTests/BLEduinoTests-Info.plist";
				PRODUCT_NAME = "$(TARGET_NAME)";
				TEST_HOST = "$(BUNDLE_LOADER)";
				WRAPPER_EXTENSION = xctest;
			};
			name = Release;
		};
/* End XCBuildConfiguration section */

/* Begin XCConfigurationList section */
		B7B73BE917F256B3008E6769 /* Build configuration list for PBXProject "BLEduino" */ = {
			isa = XCConfigurationList;
			buildConfigurations = (
				B7B73C1E17F256B3008E6769 /* Debug */,
				B7B73C1F17F256B3008E6769 /* Release */,
			);
			defaultConfigurationIsVisible = 0;
			defaultConfigurationName = Release;
		};
		B7B73C2017F256B3008E6769 /* Build configuration list for PBXNativeTarget "BLEduino" */ = {
			isa = XCConfigurationList;
			buildConfigurations = (
				B7B73C2117F256B3008E6769 /* Debug */,
				B7B73C2217F256B3008E6769 /* Release */,
			);
			defaultConfigurationIsVisible = 0;
			defaultConfigurationName = Release;
		};
		B7B73C2317F256B3008E6769 /* Build configuration list for PBXNativeTarget "BLEduinoTests" */ = {
			isa = XCConfigurationList;
			buildConfigurations = (
				B7B73C2417F256B3008E6769 /* Debug */,
				B7B73C2517F256B3008E6769 /* Release */,
			);
			defaultConfigurationIsVisible = 0;
			defaultConfigurationName = Release;
		};
/* End XCConfigurationList section */
	};
	rootObject = B7B73BE617F256B3008E6769 /* Project object */;
}
