// !$*UTF8*$!
{
	archiveVersion = 1;
	classes = {
	};
	objectVersion = 46;
	objects = {

/* Begin PBXBuildFile section */
		B72D18591826FBBF00BD1A2D /* VehicleMotionService.m in Sources */ = {isa = PBXBuildFile; fileRef = B72D18581826FBBF00BD1A2D /* VehicleMotionService.m */; };
		B72D185C1826FC4F00BD1A2D /* NotificationService.m in Sources */ = {isa = PBXBuildFile; fileRef = B72D185B1826FC4F00BD1A2D /* NotificationService.m */; };
		B72D185F1826FE8100BD1A2D /* FirmataService.m in Sources */ = {isa = PBXBuildFile; fileRef = B72D185E1826FE8100BD1A2D /* FirmataService.m */; };
		B72D18621826FEA600BD1A2D /* BleBridgeService.m in Sources */ = {isa = PBXBuildFile; fileRef = B72D18611826FEA600BD1A2D /* BleBridgeService.m */; };
		B72D18651826FED500BD1A2D /* ControllerService.m in Sources */ = {isa = PBXBuildFile; fileRef = B72D18641826FED500BD1A2D /* ControllerService.m */; };
		B72E580118104B8F00745BD8 /* BleService.m in Sources */ = {isa = PBXBuildFile; fileRef = B72E580018104B8F00745BD8 /* BleService.m */; };
		B73447C318305596006F76C2 /* ButtonActionCharacteristic.m in Sources */ = {isa = PBXBuildFile; fileRef = B73447C218305596006F76C2 /* ButtonActionCharacteristic.m */; };
		B75EC50917FA85EE000309FF /* LeDiscoveryManager.m in Sources */ = {isa = PBXBuildFile; fileRef = B75EC50817FA85EE000309FF /* LeDiscoveryManager.m */; };
		B75EC50F17FB39CD000309FF /* ModulesCollectionViewController.m in Sources */ = {isa = PBXBuildFile; fileRef = B75EC50E17FB39CD000309FF /* ModulesCollectionViewController.m */; };
		B75EC54917FB7AF7000309FF /* KeyboardModuleTableViewController.m in Sources */ = {isa = PBXBuildFile; fileRef = B75EC54817FB7AF7000309FF /* KeyboardModuleTableViewController.m */; };
		B765076B1841EA9400ACE0A2 /* SettingsTableViewController.m in Sources */ = {isa = PBXBuildFile; fileRef = B765076A1841EA9400ACE0A2 /* SettingsTableViewController.m */; };
		B7650771184264A900ACE0A2 /* SettingsSwitchCell.m in Sources */ = {isa = PBXBuildFile; fileRef = B7650770184264A900ACE0A2 /* SettingsSwitchCell.m */; };
		B7650774184264C300ACE0A2 /* SettingsNumberCell.m in Sources */ = {isa = PBXBuildFile; fileRef = B7650773184264C300ACE0A2 /* SettingsNumberCell.m */; };
		B7851D4417FDFDAB00181C53 /* LeDiscoveryTableViewController.m in Sources */ = {isa = PBXBuildFile; fileRef = B7851D4317FDFDAB00181C53 /* LeDiscoveryTableViewController.m */; };
		B78D3FC81832CCC00058BFD6 /* Images.xcassets in Resources */ = {isa = PBXBuildFile; fileRef = B78D3FC71832CCC00058BFD6 /* Images.xcassets */; };
		B79D7863183C5F3000CB68D8 /* VerticalJoystickControlView.m in Sources */ = {isa = PBXBuildFile; fileRef = B79D7862183C5F2F00CB68D8 /* VerticalJoystickControlView.m */; };
		B79D7866183C60D400CB68D8 /* HorizontalJoystickControlView.m in Sources */ = {isa = PBXBuildFile; fileRef = B79D7865183C60D400CB68D8 /* HorizontalJoystickControlView.m */; };
		B79D792E183E904200CB68D8 /* arrow-down.png in Resources */ = {isa = PBXBuildFile; fileRef = B79D7926183E904200CB68D8 /* arrow-down.png */; };
		B79D792F183E904200CB68D8 /* arrow-down@2x.png in Resources */ = {isa = PBXBuildFile; fileRef = B79D7927183E904200CB68D8 /* arrow-down@2x.png */; };
		B79D7930183E904200CB68D8 /* arrow-left.png in Resources */ = {isa = PBXBuildFile; fileRef = B79D7928183E904200CB68D8 /* arrow-left.png */; };
		B79D7931183E904200CB68D8 /* arrow-left@2x.png in Resources */ = {isa = PBXBuildFile; fileRef = B79D7929183E904200CB68D8 /* arrow-left@2x.png */; };
		B79D7932183E904200CB68D8 /* arrow-right.png in Resources */ = {isa = PBXBuildFile; fileRef = B79D792A183E904200CB68D8 /* arrow-right.png */; };
		B79D7933183E904200CB68D8 /* arrow-right@2x.png in Resources */ = {isa = PBXBuildFile; fileRef = B79D792B183E904200CB68D8 /* arrow-right@2x.png */; };
		B79D7934183E904200CB68D8 /* arrow-up.png in Resources */ = {isa = PBXBuildFile; fileRef = B79D792C183E904200CB68D8 /* arrow-up.png */; };
		B79D7935183E904200CB68D8 /* arrow-up@2x.png in Resources */ = {isa = PBXBuildFile; fileRef = B79D792D183E904200CB68D8 /* arrow-up@2x.png */; };
		B79D793B183E90D000CB68D8 /* green-y.png in Resources */ = {isa = PBXBuildFile; fileRef = B79D7936183E90D000CB68D8 /* green-y.png */; };
		B79D793C183E90D000CB68D8 /* joystick-bg.png in Resources */ = {isa = PBXBuildFile; fileRef = B79D7937183E90D000CB68D8 /* joystick-bg.png */; };
		B79D793D183E90D000CB68D8 /* yellow-b.png in Resources */ = {isa = PBXBuildFile; fileRef = B79D7938183E90D000CB68D8 /* yellow-b.png */; };
		B79D793E183E90D000CB68D8 /* blue-x.png in Resources */ = {isa = PBXBuildFile; fileRef = B79D7939183E90D000CB68D8 /* blue-x.png */; };
		B79D793F183E90D000CB68D8 /* red-a.png in Resources */ = {isa = PBXBuildFile; fileRef = B79D793A183E90D000CB68D8 /* red-a.png */; };
		B79D7946183EA81B00CB68D8 /* joystick-neutral.png in Resources */ = {isa = PBXBuildFile; fileRef = B79D7944183EA81B00CB68D8 /* joystick-neutral.png */; };
		B79D7947183EA81B00CB68D8 /* joystick-hold.png in Resources */ = {isa = PBXBuildFile; fileRef = B79D7945183EA81B00CB68D8 /* joystick-hold.png */; };
		B79D794B183ECF1D00CB68D8 /* VerticalJoystickView.xib in Resources */ = {isa = PBXBuildFile; fileRef = B79D794A183ECF1D00CB68D8 /* VerticalJoystickView.xib */; };
		B79D7954183F238B00CB68D8 /* blue-bg.jpg in Resources */ = {isa = PBXBuildFile; fileRef = B79D794E183F238B00CB68D8 /* blue-bg.jpg */; };
		B79D7959183F238B00CB68D8 /* silver-bg.jpg in Resources */ = {isa = PBXBuildFile; fileRef = B79D7953183F238B00CB68D8 /* silver-bg.jpg */; };
		B79D795D183FC5BD00CB68D8 /* OrientationNavigationController.m in Sources */ = {isa = PBXBuildFile; fileRef = B79D795C183FC5BD00CB68D8 /* OrientationNavigationController.m */; };
		B79D79C018405F3200CB68D8 /* LCDTableViewController.m in Sources */ = {isa = PBXBuildFile; fileRef = B79D79BF18405F3200CB68D8 /* LCDTableViewController.m */; };
		B7A8C3851832C5EE009A4577 /* SideMenuTableViewController.m in Sources */ = {isa = PBXBuildFile; fileRef = B7A8C3841832C5EE009A4577 /* SideMenuTableViewController.m */; };
		B7A8C3941832CB69009A4577 /* BleduinoRootController.m in Sources */ = {isa = PBXBuildFile; fileRef = B7A8C3931832CB69009A4577 /* BleduinoRootController.m */; };
		B7AE65D61842BF2E007C45A3 /* car.png in Resources */ = {isa = PBXBuildFile; fileRef = B7AE65D51842BF2E007C45A3 /* car.png */; };
		B7AE65D81842BFC3007C45A3 /* led.png in Resources */ = {isa = PBXBuildFile; fileRef = B7AE65D71842BFC3007C45A3 /* led.png */; };
		B7AE65E21842C215007C45A3 /* keyboard.png in Resources */ = {isa = PBXBuildFile; fileRef = B7AE65DA1842C215007C45A3 /* keyboard.png */; };
		B7AE65E31842C215007C45A3 /* lcd.png in Resources */ = {isa = PBXBuildFile; fileRef = B7AE65DB1842C215007C45A3 /* lcd.png */; };
		B7AE65E51842C215007C45A3 /* notifications.png in Resources */ = {isa = PBXBuildFile; fileRef = B7AE65DD1842C215007C45A3 /* notifications.png */; };
		B7AE65E61842C215007C45A3 /* bridge.png in Resources */ = {isa = PBXBuildFile; fileRef = B7AE65DE1842C215007C45A3 /* bridge.png */; };
		B7AE65E71842C215007C45A3 /* controller.png in Resources */ = {isa = PBXBuildFile; fileRef = B7AE65DF1842C215007C45A3 /* controller.png */; };
		B7AE65E81842C215007C45A3 /* power.png in Resources */ = {isa = PBXBuildFile; fileRef = B7AE65E01842C215007C45A3 /* power.png */; };
		B7AE65EB1842CBB6007C45A3 /* bridge-s.png in Resources */ = {isa = PBXBuildFile; fileRef = B7AE65E91842CBB6007C45A3 /* bridge-s.png */; };
		B7AE65EC1842CBB6007C45A3 /* notifications-s.png in Resources */ = {isa = PBXBuildFile; fileRef = B7AE65EA1842CBB6007C45A3 /* notifications-s.png */; };
		B7AE65F9184307C7007C45A3 /* hardware.png in Resources */ = {isa = PBXBuildFile; fileRef = B7AE65EF184307C7007C45A3 /* hardware.png */; };
		B7AE65FA184307C7007C45A3 /* hardware@2x.png in Resources */ = {isa = PBXBuildFile; fileRef = B7AE65F0184307C7007C45A3 /* hardware@2x.png */; };
		B7AE65FB184307C7007C45A3 /* contact@2x.png in Resources */ = {isa = PBXBuildFile; fileRef = B7AE65F1184307C7007C45A3 /* contact@2x.png */; };
		B7AE65FC184307C7007C45A3 /* contact.png in Resources */ = {isa = PBXBuildFile; fileRef = B7AE65F2184307C7007C45A3 /* contact.png */; };
		B7AE65FD184307C7007C45A3 /* manager.png in Resources */ = {isa = PBXBuildFile; fileRef = B7AE65F3184307C7007C45A3 /* manager.png */; };
		B7AE65FE184307C7007C45A3 /* manager@2x.png in Resources */ = {isa = PBXBuildFile; fileRef = B7AE65F4184307C7007C45A3 /* manager@2x.png */; };
		B7AE65FF184307C7007C45A3 /* settings@2x.png in Resources */ = {isa = PBXBuildFile; fileRef = B7AE65F5184307C7007C45A3 /* settings@2x.png */; };
		B7AE6600184307C7007C45A3 /* settings.png in Resources */ = {isa = PBXBuildFile; fileRef = B7AE65F6184307C7007C45A3 /* settings.png */; };
		B7AE6601184307C7007C45A3 /* modules.png in Resources */ = {isa = PBXBuildFile; fileRef = B7AE65F7184307C7007C45A3 /* modules.png */; };
		B7AE6602184307C7007C45A3 /* modules@2x.png in Resources */ = {isa = PBXBuildFile; fileRef = B7AE65F8184307C7007C45A3 /* modules@2x.png */; };
		B7AE660818430CA7007C45A3 /* menu.png in Resources */ = {isa = PBXBuildFile; fileRef = B7AE660618430CA7007C45A3 /* menu.png */; };
		B7AE660918430CA7007C45A3 /* menu@2x.png in Resources */ = {isa = PBXBuildFile; fileRef = B7AE660718430CA7007C45A3 /* menu@2x.png */; };
		B7AE660C18431451007C45A3 /* PowerOtherStateView.m in Sources */ = {isa = PBXBuildFile; fileRef = B7AE660B18431451007C45A3 /* PowerOtherStateView.m */; };
		B7AE660F18433C56007C45A3 /* sunset-bg.jpg in Resources */ = {isa = PBXBuildFile; fileRef = B7AE660D18433C56007C45A3 /* sunset-bg.jpg */; };
		B7AE661018433C56007C45A3 /* midnight-bg.jpg in Resources */ = {isa = PBXBuildFile; fileRef = B7AE660E18433C56007C45A3 /* midnight-bg.jpg */; };
		B7AE661218434915007C45A3 /* MessageUI.framework in Frameworks */ = {isa = PBXBuildFile; fileRef = B7AE661118434915007C45A3 /* MessageUI.framework */; };
		B7B562F318289D7D0056C6EE /* ThrottleYawRollPitchCharacteristic.m in Sources */ = {isa = PBXBuildFile; fileRef = B7B562F218289D7D0056C6EE /* ThrottleYawRollPitchCharacteristic.m */; };
		B7B73BF217F256B3008E6769 /* Foundation.framework in Frameworks */ = {isa = PBXBuildFile; fileRef = B7B73BF117F256B3008E6769 /* Foundation.framework */; };
		B7B73BF417F256B3008E6769 /* CoreGraphics.framework in Frameworks */ = {isa = PBXBuildFile; fileRef = B7B73BF317F256B3008E6769 /* CoreGraphics.framework */; };
		B7B73BF617F256B3008E6769 /* UIKit.framework in Frameworks */ = {isa = PBXBuildFile; fileRef = B7B73BF517F256B3008E6769 /* UIKit.framework */; };
		B7B73BFC17F256B3008E6769 /* InfoPlist.strings in Resources */ = {isa = PBXBuildFile; fileRef = B7B73BFA17F256B3008E6769 /* InfoPlist.strings */; };
		B7B73BFE17F256B3008E6769 /* main.m in Sources */ = {isa = PBXBuildFile; fileRef = B7B73BFD17F256B3008E6769 /* main.m */; };
		B7B73C0217F256B3008E6769 /* AppDelegate.m in Sources */ = {isa = PBXBuildFile; fileRef = B7B73C0117F256B3008E6769 /* AppDelegate.m */; };
		B7B73C0517F256B3008E6769 /* Main.storyboard in Resources */ = {isa = PBXBuildFile; fileRef = B7B73C0317F256B3008E6769 /* Main.storyboard */; };
		B7B73C1117F256B3008E6769 /* XCTest.framework in Frameworks */ = {isa = PBXBuildFile; fileRef = B7B73C1017F256B3008E6769 /* XCTest.framework */; };
		B7B73C1217F256B3008E6769 /* Foundation.framework in Frameworks */ = {isa = PBXBuildFile; fileRef = B7B73BF117F256B3008E6769 /* Foundation.framework */; };
		B7B73C1317F256B3008E6769 /* UIKit.framework in Frameworks */ = {isa = PBXBuildFile; fileRef = B7B73BF517F256B3008E6769 /* UIKit.framework */; };
		B7B73C1B17F256B3008E6769 /* InfoPlist.strings in Resources */ = {isa = PBXBuildFile; fileRef = B7B73C1917F256B3008E6769 /* InfoPlist.strings */; };
		B7B73C1D17F256B3008E6769 /* BLEduinoTests.m in Sources */ = {isa = PBXBuildFile; fileRef = B7B73C1C17F256B3008E6769 /* BLEduinoTests.m */; };
		B7B73C2717F25920008E6769 /* CoreBluetooth.framework in Frameworks */ = {isa = PBXBuildFile; fileRef = B7B73C2617F25920008E6769 /* CoreBluetooth.framework */; };
		B7B73C2917F25927008E6769 /* QuartzCore.framework in Frameworks */ = {isa = PBXBuildFile; fileRef = B7B73C2817F25927008E6769 /* QuartzCore.framework */; };
		B7B73C2D17F25A58008E6769 /* UARTService.m in Sources */ = {isa = PBXBuildFile; fileRef = B7B73C2C17F25A58008E6769 /* UARTService.m */; };
		B7BEFC2B18332E7600EA6E78 /* LEDModuleTableViewController.m in Sources */ = {isa = PBXBuildFile; fileRef = B7BEFC2A18332E7600EA6E78 /* LEDModuleTableViewController.m */; };
		B7D322621844839D008F53AE /* led-small.png in Resources */ = {isa = PBXBuildFile; fileRef = B7D322601844839D008F53AE /* led-small.png */; };
		B7D322631844839D008F53AE /* led-small@2x.png in Resources */ = {isa = PBXBuildFile; fileRef = B7D322611844839D008F53AE /* led-small@2x.png */; };
		B7D3227518456BEA008F53AE /* MFLJoystick.m in Sources */ = {isa = PBXBuildFile; fileRef = B7D3226718456BEA008F53AE /* MFLJoystick.m */; };
		B7D3227618456BEA008F53AE /* OBShapedButton.m in Sources */ = {isa = PBXBuildFile; fileRef = B7D3226A18456BEA008F53AE /* OBShapedButton.m */; };
		B7D3227718456BEA008F53AE /* RECommonFunctions.m in Sources */ = {isa = PBXBuildFile; fileRef = B7D3226D18456BEA008F53AE /* RECommonFunctions.m */; };
		B7D3227818456BEA008F53AE /* RESideMenu.m in Sources */ = {isa = PBXBuildFile; fileRef = B7D3226F18456BEA008F53AE /* RESideMenu.m */; };
		B7D3227918456BEA008F53AE /* UIViewController+RESideMenu.m in Sources */ = {isa = PBXBuildFile; fileRef = B7D3227118456BEA008F53AE /* UIViewController+RESideMenu.m */; };
		B7D3227A18456BEA008F53AE /* UIImage+ColorAtPixel.m in Sources */ = {isa = PBXBuildFile; fileRef = B7D3227418456BEA008F53AE /* UIImage+ColorAtPixel.m */; };
		B7D3227C18456DC4008F53AE /* ModuleCollectionViewCell.m in Sources */ = {isa = PBXBuildFile; fileRef = B7D3227B18456DC4008F53AE /* ModuleCollectionViewCell.m */; };
		B7EB1CED1830972A0060441E /* BLEduinoPeripheral.m in Sources */ = {isa = PBXBuildFile; fileRef = B7EB1CEC1830972A0060441E /* BLEduinoPeripheral.m */; };
		B7EB1CF01830D6010060441E /* NotificationAttributesCharacteristic.m in Sources */ = {isa = PBXBuildFile; fileRef = B7EB1CEF1830D6010060441E /* NotificationAttributesCharacteristic.m */; };
		B7EDFDF81835A6FD002FECA0 /* PowerRelayViewController.m in Sources */ = {isa = PBXBuildFile; fileRef = B7EDFDF71835A6FD002FECA0 /* PowerRelayViewController.m */; };
		B7EDFDFB1835A788002FECA0 /* PowerSwitchButtonView.m in Sources */ = {isa = PBXBuildFile; fileRef = B7EDFDFA1835A788002FECA0 /* PowerSwitchButtonView.m */; };
		B7EDFDFE1835C22E002FECA0 /* GameControllerViewController.m in Sources */ = {isa = PBXBuildFile; fileRef = B7EDFDFD1835C22E002FECA0 /* GameControllerViewController.m */; };
		B7EDFE011835C2A0002FECA0 /* RadioControlledViewController.m in Sources */ = {isa = PBXBuildFile; fileRef = B7EDFE001835C2A0002FECA0 /* RadioControlledViewController.m */; };
		B7FAC246182AEA7E00F33CE8 /* FirmataCommandCharacteristic.m in Sources */ = {isa = PBXBuildFile; fileRef = B7FAC245182AEA7E00F33CE8 /* FirmataCommandCharacteristic.m */; };
/* End PBXBuildFile section */

/* Begin PBXContainerItemProxy section */
		B7B73C1417F256B3008E6769 /* PBXContainerItemProxy */ = {
			isa = PBXContainerItemProxy;
			containerPortal = B7B73BE617F256B3008E6769 /* Project object */;
			proxyType = 1;
			remoteGlobalIDString = B7B73BED17F256B3008E6769;
			remoteInfo = BLEduino;
		};
/* End PBXContainerItemProxy section */

/* Begin PBXFileReference section */
		B72D18571826FBBF00BD1A2D /* VehicleMotionService.h */ = {isa = PBXFileReference; fileEncoding = 4; lastKnownFileType = sourcecode.c.h; lineEnding = 0; path = VehicleMotionService.h; sourceTree = "<group>"; xcLanguageSpecificationIdentifier = xcode.lang.objcpp; };
		B72D18581826FBBF00BD1A2D /* VehicleMotionService.m */ = {isa = PBXFileReference; fileEncoding = 4; lastKnownFileType = sourcecode.c.objc; lineEnding = 0; path = VehicleMotionService.m; sourceTree = "<group>"; xcLanguageSpecificationIdentifier = xcode.lang.objc; };
		B72D185A1826FC4F00BD1A2D /* NotificationService.h */ = {isa = PBXFileReference; fileEncoding = 4; lastKnownFileType = sourcecode.c.h; lineEnding = 0; path = NotificationService.h; sourceTree = "<group>"; xcLanguageSpecificationIdentifier = xcode.lang.objcpp; };
		B72D185B1826FC4F00BD1A2D /* NotificationService.m */ = {isa = PBXFileReference; fileEncoding = 4; lastKnownFileType = sourcecode.c.objc; lineEnding = 0; path = NotificationService.m; sourceTree = "<group>"; xcLanguageSpecificationIdentifier = xcode.lang.objc; };
		B72D185D1826FE8100BD1A2D /* FirmataService.h */ = {isa = PBXFileReference; fileEncoding = 4; lastKnownFileType = sourcecode.c.h; lineEnding = 0; path = FirmataService.h; sourceTree = "<group>"; xcLanguageSpecificationIdentifier = xcode.lang.objcpp; };
		B72D185E1826FE8100BD1A2D /* FirmataService.m */ = {isa = PBXFileReference; fileEncoding = 4; lastKnownFileType = sourcecode.c.objc; lineEnding = 0; path = FirmataService.m; sourceTree = "<group>"; xcLanguageSpecificationIdentifier = xcode.lang.objc; };
		B72D18601826FEA600BD1A2D /* BleBridgeService.h */ = {isa = PBXFileReference; fileEncoding = 4; lastKnownFileType = sourcecode.c.h; path = BleBridgeService.h; sourceTree = "<group>"; };
		B72D18611826FEA600BD1A2D /* BleBridgeService.m */ = {isa = PBXFileReference; fileEncoding = 4; lastKnownFileType = sourcecode.c.objc; lineEnding = 0; path = BleBridgeService.m; sourceTree = "<group>"; xcLanguageSpecificationIdentifier = xcode.lang.objc; };
		B72D18631826FED500BD1A2D /* ControllerService.h */ = {isa = PBXFileReference; fileEncoding = 4; lastKnownFileType = sourcecode.c.h; lineEnding = 0; path = ControllerService.h; sourceTree = "<group>"; xcLanguageSpecificationIdentifier = xcode.lang.objcpp; };
		B72D18641826FED500BD1A2D /* ControllerService.m */ = {isa = PBXFileReference; fileEncoding = 4; lastKnownFileType = sourcecode.c.objc; lineEnding = 0; path = ControllerService.m; sourceTree = "<group>"; xcLanguageSpecificationIdentifier = xcode.lang.objc; };
		B72E57FF18104B8F00745BD8 /* BleService.h */ = {isa = PBXFileReference; fileEncoding = 4; lastKnownFileType = sourcecode.c.h; path = BleService.h; sourceTree = "<group>"; };
		B72E580018104B8F00745BD8 /* BleService.m */ = {isa = PBXFileReference; fileEncoding = 4; lastKnownFileType = sourcecode.c.objc; path = BleService.m; sourceTree = "<group>"; };
		B73447C118305596006F76C2 /* ButtonActionCharacteristic.h */ = {isa = PBXFileReference; fileEncoding = 4; lastKnownFileType = sourcecode.c.h; path = ButtonActionCharacteristic.h; sourceTree = "<group>"; };
		B73447C218305596006F76C2 /* ButtonActionCharacteristic.m */ = {isa = PBXFileReference; fileEncoding = 4; lastKnownFileType = sourcecode.c.objc; path = ButtonActionCharacteristic.m; sourceTree = "<group>"; };
		B75EC50717FA85EE000309FF /* LeDiscoveryManager.h */ = {isa = PBXFileReference; fileEncoding = 4; lastKnownFileType = sourcecode.c.h; path = LeDiscoveryManager.h; sourceTree = "<group>"; };
		B75EC50817FA85EE000309FF /* LeDiscoveryManager.m */ = {isa = PBXFileReference; fileEncoding = 4; lastKnownFileType = sourcecode.c.objc; path = LeDiscoveryManager.m; sourceTree = "<group>"; };
		B75EC50D17FB39CD000309FF /* ModulesCollectionViewController.h */ = {isa = PBXFileReference; fileEncoding = 4; lastKnownFileType = sourcecode.c.h; name = ModulesCollectionViewController.h; path = BLEduino/ModulesCollectionViewController.h; sourceTree = "<group>"; };
		B75EC50E17FB39CD000309FF /* ModulesCollectionViewController.m */ = {isa = PBXFileReference; fileEncoding = 4; lastKnownFileType = sourcecode.c.objc; name = ModulesCollectionViewController.m; path = BLEduino/ModulesCollectionViewController.m; sourceTree = "<group>"; };
		B75EC51217FB3F6D000309FF /* ModuleCollectionViewCell.h */ = {isa = PBXFileReference; fileEncoding = 4; lastKnownFileType = sourcecode.c.h; name = ModuleCollectionViewCell.h; path = BLEduino/ModuleCollectionViewCell.h; sourceTree = "<group>"; };
		B75EC54717FB7AF7000309FF /* KeyboardModuleTableViewController.h */ = {isa = PBXFileReference; fileEncoding = 4; lastKnownFileType = sourcecode.c.h; name = KeyboardModuleTableViewController.h; path = BLEduino/KeyboardModuleTableViewController.h; sourceTree = "<group>"; };
		B75EC54817FB7AF7000309FF /* KeyboardModuleTableViewController.m */ = {isa = PBXFileReference; fileEncoding = 4; lastKnownFileType = sourcecode.c.objc; name = KeyboardModuleTableViewController.m; path = BLEduino/KeyboardModuleTableViewController.m; sourceTree = "<group>"; };
		B76507691841EA9400ACE0A2 /* SettingsTableViewController.h */ = {isa = PBXFileReference; fileEncoding = 4; lastKnownFileType = sourcecode.c.h; path = SettingsTableViewController.h; sourceTree = "<group>"; };
		B765076A1841EA9400ACE0A2 /* SettingsTableViewController.m */ = {isa = PBXFileReference; fileEncoding = 4; lastKnownFileType = sourcecode.c.objc; path = SettingsTableViewController.m; sourceTree = "<group>"; };
		B765076F184264A900ACE0A2 /* SettingsSwitchCell.h */ = {isa = PBXFileReference; fileEncoding = 4; lastKnownFileType = sourcecode.c.h; path = SettingsSwitchCell.h; sourceTree = "<group>"; };
		B7650770184264A900ACE0A2 /* SettingsSwitchCell.m */ = {isa = PBXFileReference; fileEncoding = 4; lastKnownFileType = sourcecode.c.objc; path = SettingsSwitchCell.m; sourceTree = "<group>"; };
		B7650772184264C300ACE0A2 /* SettingsNumberCell.h */ = {isa = PBXFileReference; fileEncoding = 4; lastKnownFileType = sourcecode.c.h; path = SettingsNumberCell.h; sourceTree = "<group>"; };
		B7650773184264C300ACE0A2 /* SettingsNumberCell.m */ = {isa = PBXFileReference; fileEncoding = 4; lastKnownFileType = sourcecode.c.objc; path = SettingsNumberCell.m; sourceTree = "<group>"; };
		B7851D4217FDFDAB00181C53 /* LeDiscoveryTableViewController.h */ = {isa = PBXFileReference; fileEncoding = 4; lastKnownFileType = sourcecode.c.h; path = LeDiscoveryTableViewController.h; sourceTree = "<group>"; };
		B7851D4317FDFDAB00181C53 /* LeDiscoveryTableViewController.m */ = {isa = PBXFileReference; fileEncoding = 4; lastKnownFileType = sourcecode.c.objc; path = LeDiscoveryTableViewController.m; sourceTree = "<group>"; };
		B78D3FC71832CCC00058BFD6 /* Images.xcassets */ = {isa = PBXFileReference; lastKnownFileType = folder.assetcatalog; name = Images.xcassets; path = BLEduino/Images.xcassets; sourceTree = "<group>"; };
		B79D7861183C5F2F00CB68D8 /* VerticalJoystickControlView.h */ = {isa = PBXFileReference; fileEncoding = 4; lastKnownFileType = sourcecode.c.h; path = VerticalJoystickControlView.h; sourceTree = "<group>"; };
		B79D7862183C5F2F00CB68D8 /* VerticalJoystickControlView.m */ = {isa = PBXFileReference; fileEncoding = 4; lastKnownFileType = sourcecode.c.objc; path = VerticalJoystickControlView.m; sourceTree = "<group>"; };
		B79D7864183C60D400CB68D8 /* HorizontalJoystickControlView.h */ = {isa = PBXFileReference; fileEncoding = 4; lastKnownFileType = sourcecode.c.h; path = HorizontalJoystickControlView.h; sourceTree = "<group>"; };
		B79D7865183C60D400CB68D8 /* HorizontalJoystickControlView.m */ = {isa = PBXFileReference; fileEncoding = 4; lastKnownFileType = sourcecode.c.objc; path = HorizontalJoystickControlView.m; sourceTree = "<group>"; };
		B79D7926183E904200CB68D8 /* arrow-down.png */ = {isa = PBXFileReference; lastKnownFileType = image.png; path = "arrow-down.png"; sourceTree = "<group>"; };
		B79D7927183E904200CB68D8 /* arrow-down@2x.png */ = {isa = PBXFileReference; lastKnownFileType = image.png; path = "arrow-down@2x.png"; sourceTree = "<group>"; };
		B79D7928183E904200CB68D8 /* arrow-left.png */ = {isa = PBXFileReference; lastKnownFileType = image.png; path = "arrow-left.png"; sourceTree = "<group>"; };
		B79D7929183E904200CB68D8 /* arrow-left@2x.png */ = {isa = PBXFileReference; lastKnownFileType = image.png; path = "arrow-left@2x.png"; sourceTree = "<group>"; };
		B79D792A183E904200CB68D8 /* arrow-right.png */ = {isa = PBXFileReference; lastKnownFileType = image.png; path = "arrow-right.png"; sourceTree = "<group>"; };
		B79D792B183E904200CB68D8 /* arrow-right@2x.png */ = {isa = PBXFileReference; lastKnownFileType = image.png; path = "arrow-right@2x.png"; sourceTree = "<group>"; };
		B79D792C183E904200CB68D8 /* arrow-up.png */ = {isa = PBXFileReference; lastKnownFileType = image.png; path = "arrow-up.png"; sourceTree = "<group>"; };
		B79D792D183E904200CB68D8 /* arrow-up@2x.png */ = {isa = PBXFileReference; lastKnownFileType = image.png; path = "arrow-up@2x.png"; sourceTree = "<group>"; };
		B79D7936183E90D000CB68D8 /* green-y.png */ = {isa = PBXFileReference; lastKnownFileType = image.png; path = "green-y.png"; sourceTree = "<group>"; };
		B79D7937183E90D000CB68D8 /* joystick-bg.png */ = {isa = PBXFileReference; lastKnownFileType = image.png; path = "joystick-bg.png"; sourceTree = "<group>"; };
		B79D7938183E90D000CB68D8 /* yellow-b.png */ = {isa = PBXFileReference; lastKnownFileType = image.png; path = "yellow-b.png"; sourceTree = "<group>"; };
		B79D7939183E90D000CB68D8 /* blue-x.png */ = {isa = PBXFileReference; lastKnownFileType = image.png; path = "blue-x.png"; sourceTree = "<group>"; };
		B79D793A183E90D000CB68D8 /* red-a.png */ = {isa = PBXFileReference; lastKnownFileType = image.png; path = "red-a.png"; sourceTree = "<group>"; };
		B79D7944183EA81B00CB68D8 /* joystick-neutral.png */ = {isa = PBXFileReference; lastKnownFileType = image.png; path = "joystick-neutral.png"; sourceTree = "<group>"; };
		B79D7945183EA81B00CB68D8 /* joystick-hold.png */ = {isa = PBXFileReference; lastKnownFileType = image.png; path = "joystick-hold.png"; sourceTree = "<group>"; };
		B79D794A183ECF1D00CB68D8 /* VerticalJoystickView.xib */ = {isa = PBXFileReference; fileEncoding = 4; lastKnownFileType = file.xib; path = VerticalJoystickView.xib; sourceTree = "<group>"; };
		B79D794E183F238B00CB68D8 /* blue-bg.jpg */ = {isa = PBXFileReference; lastKnownFileType = image.jpeg; path = "blue-bg.jpg"; sourceTree = "<group>"; };
		B79D7953183F238B00CB68D8 /* silver-bg.jpg */ = {isa = PBXFileReference; lastKnownFileType = image.jpeg; path = "silver-bg.jpg"; sourceTree = "<group>"; };
		B79D795B183FC5BD00CB68D8 /* OrientationNavigationController.h */ = {isa = PBXFileReference; fileEncoding = 4; lastKnownFileType = sourcecode.c.h; path = OrientationNavigationController.h; sourceTree = "<group>"; };
		B79D795C183FC5BD00CB68D8 /* OrientationNavigationController.m */ = {isa = PBXFileReference; fileEncoding = 4; lastKnownFileType = sourcecode.c.objc; path = OrientationNavigationController.m; sourceTree = "<group>"; };
		B79D79BE18405F3200CB68D8 /* LCDTableViewController.h */ = {isa = PBXFileReference; fileEncoding = 4; lastKnownFileType = sourcecode.c.h; path = LCDTableViewController.h; sourceTree = "<group>"; };
		B79D79BF18405F3200CB68D8 /* LCDTableViewController.m */ = {isa = PBXFileReference; fileEncoding = 4; lastKnownFileType = sourcecode.c.objc; path = LCDTableViewController.m; sourceTree = "<group>"; };
		B7A8C3831832C5EE009A4577 /* SideMenuTableViewController.h */ = {isa = PBXFileReference; fileEncoding = 4; lastKnownFileType = sourcecode.c.h; path = SideMenuTableViewController.h; sourceTree = "<group>"; };
		B7A8C3841832C5EE009A4577 /* SideMenuTableViewController.m */ = {isa = PBXFileReference; fileEncoding = 4; lastKnownFileType = sourcecode.c.objc; path = SideMenuTableViewController.m; sourceTree = "<group>"; };
		B7A8C3921832CB69009A4577 /* BleduinoRootController.h */ = {isa = PBXFileReference; fileEncoding = 4; lastKnownFileType = sourcecode.c.h; path = BleduinoRootController.h; sourceTree = "<group>"; };
		B7A8C3931832CB69009A4577 /* BleduinoRootController.m */ = {isa = PBXFileReference; fileEncoding = 4; lastKnownFileType = sourcecode.c.objc; path = BleduinoRootController.m; sourceTree = "<group>"; };
		B7AE65D51842BF2E007C45A3 /* car.png */ = {isa = PBXFileReference; lastKnownFileType = image.png; path = car.png; sourceTree = "<group>"; };
		B7AE65D71842BFC3007C45A3 /* led.png */ = {isa = PBXFileReference; lastKnownFileType = image.png; path = led.png; sourceTree = "<group>"; };
		B7AE65DA1842C215007C45A3 /* keyboard.png */ = {isa = PBXFileReference; lastKnownFileType = image.png; path = keyboard.png; sourceTree = "<group>"; };
		B7AE65DB1842C215007C45A3 /* lcd.png */ = {isa = PBXFileReference; lastKnownFileType = image.png; path = lcd.png; sourceTree = "<group>"; };
		B7AE65DD1842C215007C45A3 /* notifications.png */ = {isa = PBXFileReference; lastKnownFileType = image.png; path = notifications.png; sourceTree = "<group>"; };
		B7AE65DE1842C215007C45A3 /* bridge.png */ = {isa = PBXFileReference; lastKnownFileType = image.png; path = bridge.png; sourceTree = "<group>"; };
		B7AE65DF1842C215007C45A3 /* controller.png */ = {isa = PBXFileReference; lastKnownFileType = image.png; path = controller.png; sourceTree = "<group>"; };
		B7AE65E01842C215007C45A3 /* power.png */ = {isa = PBXFileReference; lastKnownFileType = image.png; path = power.png; sourceTree = "<group>"; };
		B7AE65E91842CBB6007C45A3 /* bridge-s.png */ = {isa = PBXFileReference; lastKnownFileType = image.png; path = "bridge-s.png"; sourceTree = "<group>"; };
		B7AE65EA1842CBB6007C45A3 /* notifications-s.png */ = {isa = PBXFileReference; lastKnownFileType = image.png; path = "notifications-s.png"; sourceTree = "<group>"; };
		B7AE65EF184307C7007C45A3 /* hardware.png */ = {isa = PBXFileReference; lastKnownFileType = image.png; path = hardware.png; sourceTree = "<group>"; };
		B7AE65F0184307C7007C45A3 /* hardware@2x.png */ = {isa = PBXFileReference; lastKnownFileType = image.png; path = "hardware@2x.png"; sourceTree = "<group>"; };
		B7AE65F1184307C7007C45A3 /* contact@2x.png */ = {isa = PBXFileReference; lastKnownFileType = image.png; path = "contact@2x.png"; sourceTree = "<group>"; };
		B7AE65F2184307C7007C45A3 /* contact.png */ = {isa = PBXFileReference; lastKnownFileType = image.png; path = contact.png; sourceTree = "<group>"; };
		B7AE65F3184307C7007C45A3 /* manager.png */ = {isa = PBXFileReference; lastKnownFileType = image.png; path = manager.png; sourceTree = "<group>"; };
		B7AE65F4184307C7007C45A3 /* manager@2x.png */ = {isa = PBXFileReference; lastKnownFileType = image.png; path = "manager@2x.png"; sourceTree = "<group>"; };
		B7AE65F5184307C7007C45A3 /* settings@2x.png */ = {isa = PBXFileReference; lastKnownFileType = image.png; path = "settings@2x.png"; sourceTree = "<group>"; };
		B7AE65F6184307C7007C45A3 /* settings.png */ = {isa = PBXFileReference; lastKnownFileType = image.png; path = settings.png; sourceTree = "<group>"; };
		B7AE65F7184307C7007C45A3 /* modules.png */ = {isa = PBXFileReference; lastKnownFileType = image.png; path = modules.png; sourceTree = "<group>"; };
		B7AE65F8184307C7007C45A3 /* modules@2x.png */ = {isa = PBXFileReference; lastKnownFileType = image.png; path = "modules@2x.png"; sourceTree = "<group>"; };
		B7AE660618430CA7007C45A3 /* menu.png */ = {isa = PBXFileReference; lastKnownFileType = image.png; path = menu.png; sourceTree = "<group>"; };
		B7AE660718430CA7007C45A3 /* menu@2x.png */ = {isa = PBXFileReference; lastKnownFileType = image.png; path = "menu@2x.png"; sourceTree = "<group>"; };
		B7AE660A18431451007C45A3 /* PowerOtherStateView.h */ = {isa = PBXFileReference; fileEncoding = 4; lastKnownFileType = sourcecode.c.h; path = PowerOtherStateView.h; sourceTree = "<group>"; };
		B7AE660B18431451007C45A3 /* PowerOtherStateView.m */ = {isa = PBXFileReference; fileEncoding = 4; lastKnownFileType = sourcecode.c.objc; path = PowerOtherStateView.m; sourceTree = "<group>"; };
		B7AE660D18433C56007C45A3 /* sunset-bg.jpg */ = {isa = PBXFileReference; lastKnownFileType = image.jpeg; path = "sunset-bg.jpg"; sourceTree = "<group>"; };
		B7AE660E18433C56007C45A3 /* midnight-bg.jpg */ = {isa = PBXFileReference; lastKnownFileType = image.jpeg; path = "midnight-bg.jpg"; sourceTree = "<group>"; };
		B7AE661118434915007C45A3 /* MessageUI.framework */ = {isa = PBXFileReference; lastKnownFileType = wrapper.framework; name = MessageUI.framework; path = System/Library/Frameworks/MessageUI.framework; sourceTree = SDKROOT; };
		B7B562F118289D7D0056C6EE /* ThrottleYawRollPitchCharacteristic.h */ = {isa = PBXFileReference; fileEncoding = 4; lastKnownFileType = sourcecode.c.h; path = ThrottleYawRollPitchCharacteristic.h; sourceTree = "<group>"; };
		B7B562F218289D7D0056C6EE /* ThrottleYawRollPitchCharacteristic.m */ = {isa = PBXFileReference; fileEncoding = 4; lastKnownFileType = sourcecode.c.objc; path = ThrottleYawRollPitchCharacteristic.m; sourceTree = "<group>"; };
		B7B73BEE17F256B3008E6769 /* BLEduino.app */ = {isa = PBXFileReference; explicitFileType = wrapper.application; includeInIndex = 0; path = BLEduino.app; sourceTree = BUILT_PRODUCTS_DIR; };
		B7B73BF117F256B3008E6769 /* Foundation.framework */ = {isa = PBXFileReference; lastKnownFileType = wrapper.framework; name = Foundation.framework; path = System/Library/Frameworks/Foundation.framework; sourceTree = SDKROOT; };
		B7B73BF317F256B3008E6769 /* CoreGraphics.framework */ = {isa = PBXFileReference; lastKnownFileType = wrapper.framework; name = CoreGraphics.framework; path = System/Library/Frameworks/CoreGraphics.framework; sourceTree = SDKROOT; };
		B7B73BF517F256B3008E6769 /* UIKit.framework */ = {isa = PBXFileReference; lastKnownFileType = wrapper.framework; name = UIKit.framework; path = System/Library/Frameworks/UIKit.framework; sourceTree = SDKROOT; };
		B7B73BF917F256B3008E6769 /* BLEduino-Info.plist */ = {isa = PBXFileReference; lastKnownFileType = text.plist.xml; path = "BLEduino-Info.plist"; sourceTree = "<group>"; };
		B7B73BFB17F256B3008E6769 /* en */ = {isa = PBXFileReference; lastKnownFileType = text.plist.strings; name = en; path = en.lproj/InfoPlist.strings; sourceTree = "<group>"; };
		B7B73BFD17F256B3008E6769 /* main.m */ = {isa = PBXFileReference; lastKnownFileType = sourcecode.c.objc; path = main.m; sourceTree = "<group>"; };
		B7B73BFF17F256B3008E6769 /* BLEduino-Prefix.pch */ = {isa = PBXFileReference; lastKnownFileType = sourcecode.c.h; path = "BLEduino-Prefix.pch"; sourceTree = "<group>"; };
		B7B73C0017F256B3008E6769 /* AppDelegate.h */ = {isa = PBXFileReference; lastKnownFileType = sourcecode.c.h; path = AppDelegate.h; sourceTree = "<group>"; };
		B7B73C0117F256B3008E6769 /* AppDelegate.m */ = {isa = PBXFileReference; lastKnownFileType = sourcecode.c.objc; path = AppDelegate.m; sourceTree = "<group>"; };
		B7B73C0417F256B3008E6769 /* Base */ = {isa = PBXFileReference; lastKnownFileType = file.storyboard; name = Base; path = Base.lproj/Main.storyboard; sourceTree = "<group>"; };
		B7B73C0F17F256B3008E6769 /* BLEduinoTests.xctest */ = {isa = PBXFileReference; explicitFileType = wrapper.cfbundle; includeInIndex = 0; path = BLEduinoTests.xctest; sourceTree = BUILT_PRODUCTS_DIR; };
		B7B73C1017F256B3008E6769 /* XCTest.framework */ = {isa = PBXFileReference; lastKnownFileType = wrapper.framework; name = XCTest.framework; path = Library/Frameworks/XCTest.framework; sourceTree = DEVELOPER_DIR; };
		B7B73C1817F256B3008E6769 /* BLEduinoTests-Info.plist */ = {isa = PBXFileReference; lastKnownFileType = text.plist.xml; path = "BLEduinoTests-Info.plist"; sourceTree = "<group>"; };
		B7B73C1A17F256B3008E6769 /* en */ = {isa = PBXFileReference; lastKnownFileType = text.plist.strings; name = en; path = en.lproj/InfoPlist.strings; sourceTree = "<group>"; };
		B7B73C1C17F256B3008E6769 /* BLEduinoTests.m */ = {isa = PBXFileReference; lastKnownFileType = sourcecode.c.objc; path = BLEduinoTests.m; sourceTree = "<group>"; };
		B7B73C2617F25920008E6769 /* CoreBluetooth.framework */ = {isa = PBXFileReference; lastKnownFileType = wrapper.framework; name = CoreBluetooth.framework; path = System/Library/Frameworks/CoreBluetooth.framework; sourceTree = SDKROOT; };
		B7B73C2817F25927008E6769 /* QuartzCore.framework */ = {isa = PBXFileReference; lastKnownFileType = wrapper.framework; name = QuartzCore.framework; path = System/Library/Frameworks/QuartzCore.framework; sourceTree = SDKROOT; };
		B7B73C2B17F25A58008E6769 /* UARTService.h */ = {isa = PBXFileReference; fileEncoding = 4; lastKnownFileType = sourcecode.c.h; path = UARTService.h; sourceTree = "<group>"; };
		B7B73C2C17F25A58008E6769 /* UARTService.m */ = {isa = PBXFileReference; fileEncoding = 4; lastKnownFileType = sourcecode.c.objc; lineEnding = 0; path = UARTService.m; sourceTree = "<group>"; xcLanguageSpecificationIdentifier = xcode.lang.objc; };
		B7BEFC2918332E7600EA6E78 /* LEDModuleTableViewController.h */ = {isa = PBXFileReference; fileEncoding = 4; lastKnownFileType = sourcecode.c.h; path = LEDModuleTableViewController.h; sourceTree = "<group>"; };
		B7BEFC2A18332E7600EA6E78 /* LEDModuleTableViewController.m */ = {isa = PBXFileReference; fileEncoding = 4; lastKnownFileType = sourcecode.c.objc; path = LEDModuleTableViewController.m; sourceTree = "<group>"; };
		B7D322601844839D008F53AE /* led-small.png */ = {isa = PBXFileReference; lastKnownFileType = image.png; path = "led-small.png"; sourceTree = "<group>"; };
		B7D322611844839D008F53AE /* led-small@2x.png */ = {isa = PBXFileReference; lastKnownFileType = image.png; path = "led-small@2x.png"; sourceTree = "<group>"; };
		B7D3226618456BEA008F53AE /* MFLJoystick.h */ = {isa = PBXFileReference; fileEncoding = 4; lastKnownFileType = sourcecode.c.h; path = MFLJoystick.h; sourceTree = "<group>"; };
		B7D3226718456BEA008F53AE /* MFLJoystick.m */ = {isa = PBXFileReference; fileEncoding = 4; lastKnownFileType = sourcecode.c.objc; path = MFLJoystick.m; sourceTree = "<group>"; };
		B7D3226918456BEA008F53AE /* OBShapedButton.h */ = {isa = PBXFileReference; fileEncoding = 4; lastKnownFileType = sourcecode.c.h; path = OBShapedButton.h; sourceTree = "<group>"; };
		B7D3226A18456BEA008F53AE /* OBShapedButton.m */ = {isa = PBXFileReference; fileEncoding = 4; lastKnownFileType = sourcecode.c.objc; path = OBShapedButton.m; sourceTree = "<group>"; };
		B7D3226C18456BEA008F53AE /* RECommonFunctions.h */ = {isa = PBXFileReference; fileEncoding = 4; lastKnownFileType = sourcecode.c.h; path = RECommonFunctions.h; sourceTree = "<group>"; };
		B7D3226D18456BEA008F53AE /* RECommonFunctions.m */ = {isa = PBXFileReference; fileEncoding = 4; lastKnownFileType = sourcecode.c.objc; path = RECommonFunctions.m; sourceTree = "<group>"; };
		B7D3226E18456BEA008F53AE /* RESideMenu.h */ = {isa = PBXFileReference; fileEncoding = 4; lastKnownFileType = sourcecode.c.h; path = RESideMenu.h; sourceTree = "<group>"; };
		B7D3226F18456BEA008F53AE /* RESideMenu.m */ = {isa = PBXFileReference; fileEncoding = 4; lastKnownFileType = sourcecode.c.objc; path = RESideMenu.m; sourceTree = "<group>"; };
		B7D3227018456BEA008F53AE /* UIViewController+RESideMenu.h */ = {isa = PBXFileReference; fileEncoding = 4; lastKnownFileType = sourcecode.c.h; path = "UIViewController+RESideMenu.h"; sourceTree = "<group>"; };
		B7D3227118456BEA008F53AE /* UIViewController+RESideMenu.m */ = {isa = PBXFileReference; fileEncoding = 4; lastKnownFileType = sourcecode.c.objc; path = "UIViewController+RESideMenu.m"; sourceTree = "<group>"; };
		B7D3227318456BEA008F53AE /* UIImage+ColorAtPixel.h */ = {isa = PBXFileReference; fileEncoding = 4; lastKnownFileType = sourcecode.c.h; path = "UIImage+ColorAtPixel.h"; sourceTree = "<group>"; };
		B7D3227418456BEA008F53AE /* UIImage+ColorAtPixel.m */ = {isa = PBXFileReference; fileEncoding = 4; lastKnownFileType = sourcecode.c.objc; path = "UIImage+ColorAtPixel.m"; sourceTree = "<group>"; };
		B7D3227B18456DC4008F53AE /* ModuleCollectionViewCell.m */ = {isa = PBXFileReference; fileEncoding = 4; lastKnownFileType = sourcecode.c.objc; name = ModuleCollectionViewCell.m; path = BLEduino/ModuleCollectionViewCell.m; sourceTree = "<group>"; };
		B7EB1CEB1830972A0060441E /* BLEduinoPeripheral.h */ = {isa = PBXFileReference; fileEncoding = 4; lastKnownFileType = sourcecode.c.h; path = BLEduinoPeripheral.h; sourceTree = "<group>"; };
		B7EB1CEC1830972A0060441E /* BLEduinoPeripheral.m */ = {isa = PBXFileReference; fileEncoding = 4; lastKnownFileType = sourcecode.c.objc; path = BLEduinoPeripheral.m; sourceTree = "<group>"; };
		B7EB1CEE1830D6010060441E /* NotificationAttributesCharacteristic.h */ = {isa = PBXFileReference; fileEncoding = 4; lastKnownFileType = sourcecode.c.h; path = NotificationAttributesCharacteristic.h; sourceTree = "<group>"; };
		B7EB1CEF1830D6010060441E /* NotificationAttributesCharacteristic.m */ = {isa = PBXFileReference; fileEncoding = 4; lastKnownFileType = sourcecode.c.objc; path = NotificationAttributesCharacteristic.m; sourceTree = "<group>"; };
		B7EDFDF61835A6FD002FECA0 /* PowerRelayViewController.h */ = {isa = PBXFileReference; fileEncoding = 4; lastKnownFileType = sourcecode.c.h; path = PowerRelayViewController.h; sourceTree = "<group>"; };
		B7EDFDF71835A6FD002FECA0 /* PowerRelayViewController.m */ = {isa = PBXFileReference; fileEncoding = 4; lastKnownFileType = sourcecode.c.objc; path = PowerRelayViewController.m; sourceTree = "<group>"; };
		B7EDFDF91835A788002FECA0 /* PowerSwitchButtonView.h */ = {isa = PBXFileReference; fileEncoding = 4; lastKnownFileType = sourcecode.c.h; path = PowerSwitchButtonView.h; sourceTree = "<group>"; };
		B7EDFDFA1835A788002FECA0 /* PowerSwitchButtonView.m */ = {isa = PBXFileReference; fileEncoding = 4; lastKnownFileType = sourcecode.c.objc; path = PowerSwitchButtonView.m; sourceTree = "<group>"; };
		B7EDFDFC1835C22E002FECA0 /* GameControllerViewController.h */ = {isa = PBXFileReference; fileEncoding = 4; lastKnownFileType = sourcecode.c.h; path = GameControllerViewController.h; sourceTree = "<group>"; };
		B7EDFDFD1835C22E002FECA0 /* GameControllerViewController.m */ = {isa = PBXFileReference; fileEncoding = 4; lastKnownFileType = sourcecode.c.objc; path = GameControllerViewController.m; sourceTree = "<group>"; };
		B7EDFDFF1835C2A0002FECA0 /* RadioControlledViewController.h */ = {isa = PBXFileReference; fileEncoding = 4; lastKnownFileType = sourcecode.c.h; path = RadioControlledViewController.h; sourceTree = "<group>"; };
		B7EDFE001835C2A0002FECA0 /* RadioControlledViewController.m */ = {isa = PBXFileReference; fileEncoding = 4; lastKnownFileType = sourcecode.c.objc; path = RadioControlledViewController.m; sourceTree = "<group>"; };
		B7FAC244182AEA7E00F33CE8 /* FirmataCommandCharacteristic.h */ = {isa = PBXFileReference; fileEncoding = 4; lastKnownFileType = sourcecode.c.h; path = FirmataCommandCharacteristic.h; sourceTree = "<group>"; };
		B7FAC245182AEA7E00F33CE8 /* FirmataCommandCharacteristic.m */ = {isa = PBXFileReference; fileEncoding = 4; lastKnownFileType = sourcecode.c.objc; path = FirmataCommandCharacteristic.m; sourceTree = "<group>"; };
/* End PBXFileReference section */

/* Begin PBXFrameworksBuildPhase section */
		B7B73BEB17F256B3008E6769 /* Frameworks */ = {
			isa = PBXFrameworksBuildPhase;
			buildActionMask = 2147483647;
			files = (
				B7AE661218434915007C45A3 /* MessageUI.framework in Frameworks */,
				B7B73C2917F25927008E6769 /* QuartzCore.framework in Frameworks */,
				B7B73C2717F25920008E6769 /* CoreBluetooth.framework in Frameworks */,
				B7B73BF417F256B3008E6769 /* CoreGraphics.framework in Frameworks */,
				B7B73BF617F256B3008E6769 /* UIKit.framework in Frameworks */,
				B7B73BF217F256B3008E6769 /* Foundation.framework in Frameworks */,
			);
			runOnlyForDeploymentPostprocessing = 0;
		};
		B7B73C0C17F256B3008E6769 /* Frameworks */ = {
			isa = PBXFrameworksBuildPhase;
			buildActionMask = 2147483647;
			files = (
				B7B73C1117F256B3008E6769 /* XCTest.framework in Frameworks */,
				B7B73C1317F256B3008E6769 /* UIKit.framework in Frameworks */,
				B7B73C1217F256B3008E6769 /* Foundation.framework in Frameworks */,
			);
			runOnlyForDeploymentPostprocessing = 0;
		};
/* End PBXFrameworksBuildPhase section */

/* Begin PBXGroup section */
		B75EC51517FB415F000309FF /* ModulesConrtoller */ = {
			isa = PBXGroup;
			children = (
				B75EC51217FB3F6D000309FF /* ModuleCollectionViewCell.h */,
				B7D3227B18456DC4008F53AE /* ModuleCollectionViewCell.m */,
				B75EC50D17FB39CD000309FF /* ModulesCollectionViewController.h */,
				B75EC50E17FB39CD000309FF /* ModulesCollectionViewController.m */,
			);
			name = ModulesConrtoller;
			path = ..;
			sourceTree = "<group>";
		};
		B75EC54A17FB7B0D000309FF /* Keyboard */ = {
			isa = PBXGroup;
			children = (
				B75EC54717FB7AF7000309FF /* KeyboardModuleTableViewController.h */,
				B75EC54817FB7AF7000309FF /* KeyboardModuleTableViewController.m */,
			);
			name = Keyboard;
			path = ..;
			sourceTree = "<group>";
		};
		B75EC54B17FB7B27000309FF /* Modules */ = {
			isa = PBXGroup;
			children = (
				B79D79C118405F3C00CB68D8 /* LCD */,
				B75EC54A17FB7B0D000309FF /* Keyboard */,
				B79D7867183C65D000CB68D8 /* LEDs */,
				B7E3A798183C135500DD3926 /* PowerRelay */,
				B7E3A794183C0B3800DD3926 /* GameController */,
				B79D7860183C5CE400CB68D8 /* RadioControlled */,
				B79D795B183FC5BD00CB68D8 /* OrientationNavigationController.h */,
				B79D795C183FC5BD00CB68D8 /* OrientationNavigationController.m */,
			);
			name = Modules;
			sourceTree = "<group>";
		};
		B765076E1842648600ACE0A2 /* Settings Menu */ = {
			isa = PBXGroup;
			children = (
				B76507691841EA9400ACE0A2 /* SettingsTableViewController.h */,
				B765076A1841EA9400ACE0A2 /* SettingsTableViewController.m */,
				B765076F184264A900ACE0A2 /* SettingsSwitchCell.h */,
				B7650770184264A900ACE0A2 /* SettingsSwitchCell.m */,
				B7650772184264C300ACE0A2 /* SettingsNumberCell.h */,
				B7650773184264C300ACE0A2 /* SettingsNumberCell.m */,
			);
			name = "Settings Menu";
			sourceTree = "<group>";
		};
		B79D7860183C5CE400CB68D8 /* RadioControlled */ = {
			isa = PBXGroup;
			children = (
				B7EDFDFF1835C2A0002FECA0 /* RadioControlledViewController.h */,
				B7EDFE001835C2A0002FECA0 /* RadioControlledViewController.m */,
				B79D7861183C5F2F00CB68D8 /* VerticalJoystickControlView.h */,
				B79D7862183C5F2F00CB68D8 /* VerticalJoystickControlView.m */,
				B79D7864183C60D400CB68D8 /* HorizontalJoystickControlView.h */,
				B79D7865183C60D400CB68D8 /* HorizontalJoystickControlView.m */,
				B79D794A183ECF1D00CB68D8 /* VerticalJoystickView.xib */,
			);
			name = RadioControlled;
			sourceTree = "<group>";
		};
		B79D7867183C65D000CB68D8 /* LEDs */ = {
			isa = PBXGroup;
			children = (
				B7BEFC2918332E7600EA6E78 /* LEDModuleTableViewController.h */,
				B7BEFC2A18332E7600EA6E78 /* LEDModuleTableViewController.m */,
			);
			name = LEDs;
			sourceTree = "<group>";
		};
		B79D7925183E904200CB68D8 /* Images */ = {
			isa = PBXGroup;
			children = (
				B7AE6603184307D7007C45A3 /* Menu */,
				B7AE65ED1843074C007C45A3 /* Modules */,
				B7AE65EE18430763007C45A3 /* Controllers */,
				B79D794E183F238B00CB68D8 /* blue-bg.jpg */,
				B79D7953183F238B00CB68D8 /* silver-bg.jpg */,
				B7AE660D18433C56007C45A3 /* sunset-bg.jpg */,
				B7AE660E18433C56007C45A3 /* midnight-bg.jpg */,
			);
			name = Images;
			path = ../Images;
			sourceTree = "<group>";
		};
		B79D79C118405F3C00CB68D8 /* LCD */ = {
			isa = PBXGroup;
			children = (
				B79D79BE18405F3200CB68D8 /* LCDTableViewController.h */,
				B79D79BF18405F3200CB68D8 /* LCDTableViewController.m */,
			);
			name = LCD;
			sourceTree = "<group>";
		};
		B7A8C3951832CB83009A4577 /* Menu */ = {
			isa = PBXGroup;
			children = (
				B75EC51517FB415F000309FF /* ModulesConrtoller */,
				B7B3F82C17FF701100DCDAF5 /* ConnectionManagerController */,
				B765076E1842648600ACE0A2 /* Settings Menu */,
				B7A8C3921832CB69009A4577 /* BleduinoRootController.h */,
				B7A8C3931832CB69009A4577 /* BleduinoRootController.m */,
				B7A8C3831832C5EE009A4577 /* SideMenuTableViewController.h */,
				B7A8C3841832C5EE009A4577 /* SideMenuTableViewController.m */,
			);
			name = Menu;
			sourceTree = "<group>";
		};
		B7AE65ED1843074C007C45A3 /* Modules */ = {
			isa = PBXGroup;
			children = (
				B7AE65E91842CBB6007C45A3 /* bridge-s.png */,
				B7AE65EA1842CBB6007C45A3 /* notifications-s.png */,
				B7AE65DA1842C215007C45A3 /* keyboard.png */,
				B7AE65DB1842C215007C45A3 /* lcd.png */,
				B7AE65DD1842C215007C45A3 /* notifications.png */,
				B7AE65DE1842C215007C45A3 /* bridge.png */,
				B7AE65DF1842C215007C45A3 /* controller.png */,
				B7AE65E01842C215007C45A3 /* power.png */,
				B7AE65D71842BFC3007C45A3 /* led.png */,
				B7AE65D51842BF2E007C45A3 /* car.png */,
			);
			name = Modules;
			sourceTree = "<group>";
		};
		B7AE65EE18430763007C45A3 /* Controllers */ = {
			isa = PBXGroup;
			children = (
				B79D7944183EA81B00CB68D8 /* joystick-neutral.png */,
				B79D7945183EA81B00CB68D8 /* joystick-hold.png */,
				B79D7937183E90D000CB68D8 /* joystick-bg.png */,
				B79D7936183E90D000CB68D8 /* green-y.png */,
				B79D7938183E90D000CB68D8 /* yellow-b.png */,
				B79D7939183E90D000CB68D8 /* blue-x.png */,
				B79D793A183E90D000CB68D8 /* red-a.png */,
				B79D7926183E904200CB68D8 /* arrow-down.png */,
				B79D7927183E904200CB68D8 /* arrow-down@2x.png */,
				B79D7928183E904200CB68D8 /* arrow-left.png */,
				B79D7929183E904200CB68D8 /* arrow-left@2x.png */,
				B79D792A183E904200CB68D8 /* arrow-right.png */,
				B79D792B183E904200CB68D8 /* arrow-right@2x.png */,
				B79D792C183E904200CB68D8 /* arrow-up.png */,
				B79D792D183E904200CB68D8 /* arrow-up@2x.png */,
			);
			name = Controllers;
			sourceTree = "<group>";
		};
		B7AE6603184307D7007C45A3 /* Menu */ = {
			isa = PBXGroup;
			children = (
				B7D322601844839D008F53AE /* led-small.png */,
				B7D322611844839D008F53AE /* led-small@2x.png */,
				B7AE660618430CA7007C45A3 /* menu.png */,
				B7AE660718430CA7007C45A3 /* menu@2x.png */,
				B7AE65EF184307C7007C45A3 /* hardware.png */,
				B7AE65F0184307C7007C45A3 /* hardware@2x.png */,
				B7AE65F1184307C7007C45A3 /* contact@2x.png */,
				B7AE65F2184307C7007C45A3 /* contact.png */,
				B7AE65F3184307C7007C45A3 /* manager.png */,
				B7AE65F4184307C7007C45A3 /* manager@2x.png */,
				B7AE65F5184307C7007C45A3 /* settings@2x.png */,
				B7AE65F6184307C7007C45A3 /* settings.png */,
				B7AE65F7184307C7007C45A3 /* modules.png */,
				B7AE65F8184307C7007C45A3 /* modules@2x.png */,
			);
			name = Menu;
			sourceTree = "<group>";
		};
		B7B3F82617FF5FAC00DCDAF5 /* Services */ = {
			isa = PBXGroup;
			children = (
				B72E57FF18104B8F00745BD8 /* BleService.h */,
				B72E580018104B8F00745BD8 /* BleService.m */,
				B7B562F418289D8F0056C6EE /* Characteristics */,
				B7B73C2B17F25A58008E6769 /* UARTService.h */,
				B7B73C2C17F25A58008E6769 /* UARTService.m */,
				B72D18571826FBBF00BD1A2D /* VehicleMotionService.h */,
				B72D18581826FBBF00BD1A2D /* VehicleMotionService.m */,
				B72D185D1826FE8100BD1A2D /* FirmataService.h */,
				B72D185E1826FE8100BD1A2D /* FirmataService.m */,
				B72D18631826FED500BD1A2D /* ControllerService.h */,
				B72D18641826FED500BD1A2D /* ControllerService.m */,
				B72D18601826FEA600BD1A2D /* BleBridgeService.h */,
				B72D18611826FEA600BD1A2D /* BleBridgeService.m */,
				B72D185A1826FC4F00BD1A2D /* NotificationService.h */,
				B72D185B1826FC4F00BD1A2D /* NotificationService.m */,
			);
			name = Services;
			sourceTree = "<group>";
		};
		B7B3F82C17FF701100DCDAF5 /* ConnectionManagerController */ = {
			isa = PBXGroup;
			children = (
				B7851D4217FDFDAB00181C53 /* LeDiscoveryTableViewController.h */,
				B7851D4317FDFDAB00181C53 /* LeDiscoveryTableViewController.m */,
			);
			name = ConnectionManagerController;
			path = "BLEduino-Libray";
			sourceTree = SOURCE_ROOT;
		};
		B7B562F418289D8F0056C6EE /* Characteristics */ = {
			isa = PBXGroup;
			children = (
				B7B562F118289D7D0056C6EE /* ThrottleYawRollPitchCharacteristic.h */,
				B7B562F218289D7D0056C6EE /* ThrottleYawRollPitchCharacteristic.m */,
				B7FAC244182AEA7E00F33CE8 /* FirmataCommandCharacteristic.h */,
				B7FAC245182AEA7E00F33CE8 /* FirmataCommandCharacteristic.m */,
				B73447C118305596006F76C2 /* ButtonActionCharacteristic.h */,
				B73447C218305596006F76C2 /* ButtonActionCharacteristic.m */,
				B7EB1CEE1830D6010060441E /* NotificationAttributesCharacteristic.h */,
				B7EB1CEF1830D6010060441E /* NotificationAttributesCharacteristic.m */,
			);
			name = Characteristics;
			sourceTree = "<group>";
		};
		B7B73BE517F256B3008E6769 = {
			isa = PBXGroup;
			children = (
				B7B73BF717F256B3008E6769 /* BLEduino */,
				B7B73C1617F256B3008E6769 /* BLEduinoTests */,
				B78D3FC71832CCC00058BFD6 /* Images.xcassets */,
				B7D3226418456BEA008F53AE /* Libraries */,
				B7B73BF017F256B3008E6769 /* Frameworks */,
				B7B73BEF17F256B3008E6769 /* Products */,
			);
			sourceTree = "<group>";
		};
		B7B73BEF17F256B3008E6769 /* Products */ = {
			isa = PBXGroup;
			children = (
				B7B73BEE17F256B3008E6769 /* BLEduino.app */,
				B7B73C0F17F256B3008E6769 /* BLEduinoTests.xctest */,
			);
			name = Products;
			sourceTree = "<group>";
		};
		B7B73BF017F256B3008E6769 /* Frameworks */ = {
			isa = PBXGroup;
			children = (
				B7AE661118434915007C45A3 /* MessageUI.framework */,
				B7B73C2617F25920008E6769 /* CoreBluetooth.framework */,
				B7B73C2817F25927008E6769 /* QuartzCore.framework */,
				B7B73BF117F256B3008E6769 /* Foundation.framework */,
				B7B73BF317F256B3008E6769 /* CoreGraphics.framework */,
				B7B73BF517F256B3008E6769 /* UIKit.framework */,
				B7B73C1017F256B3008E6769 /* XCTest.framework */,
			);
			name = Frameworks;
			sourceTree = "<group>";
		};
		B7B73BF717F256B3008E6769 /* BLEduino */ = {
			isa = PBXGroup;
			children = (
				B7B73C0017F256B3008E6769 /* AppDelegate.h */,
				B7B73C0117F256B3008E6769 /* AppDelegate.m */,
				B7B73C0317F256B3008E6769 /* Main.storyboard */,
				B7B73C2A17F259C6008E6769 /* BLEduino-Library */,
				B7A8C3951832CB83009A4577 /* Menu */,
				B75EC54B17FB7B27000309FF /* Modules */,
				B79D7925183E904200CB68D8 /* Images */,
				B7B73BF817F256B3008E6769 /* Supporting Files */,
			);
			path = BLEduino;
			sourceTree = "<group>";
		};
		B7B73BF817F256B3008E6769 /* Supporting Files */ = {
			isa = PBXGroup;
			children = (
				B7B73BF917F256B3008E6769 /* BLEduino-Info.plist */,
				B7B73BFA17F256B3008E6769 /* InfoPlist.strings */,
				B7B73BFD17F256B3008E6769 /* main.m */,
				B7B73BFF17F256B3008E6769 /* BLEduino-Prefix.pch */,
			);
			name = "Supporting Files";
			sourceTree = "<group>";
		};
		B7B73C1617F256B3008E6769 /* BLEduinoTests */ = {
			isa = PBXGroup;
			children = (
				B7B73C1C17F256B3008E6769 /* BLEduinoTests.m */,
				B7B73C1717F256B3008E6769 /* Supporting Files */,
			);
			path = BLEduinoTests;
			sourceTree = "<group>";
		};
		B7B73C1717F256B3008E6769 /* Supporting Files */ = {
			isa = PBXGroup;
			children = (
				B7B73C1817F256B3008E6769 /* BLEduinoTests-Info.plist */,
				B7B73C1917F256B3008E6769 /* InfoPlist.strings */,
			);
			name = "Supporting Files";
			sourceTree = "<group>";
		};
		B7B73C2A17F259C6008E6769 /* BLEduino-Library */ = {
			isa = PBXGroup;
			children = (
				B7B3F82617FF5FAC00DCDAF5 /* Services */,
				B75EC50717FA85EE000309FF /* LeDiscoveryManager.h */,
				B75EC50817FA85EE000309FF /* LeDiscoveryManager.m */,
				B7EB1CEB1830972A0060441E /* BLEduinoPeripheral.h */,
				B7EB1CEC1830972A0060441E /* BLEduinoPeripheral.m */,
			);
			name = "BLEduino-Library";
			path = "BLEduino-Libray";
			sourceTree = SOURCE_ROOT;
		};
		B7D3226418456BEA008F53AE /* Libraries */ = {
			isa = PBXGroup;
			children = (
				B7D3226518456BEA008F53AE /* MFLJoystick */,
				B7D3226818456BEA008F53AE /* OBShapedButton */,
				B7D3226B18456BEA008F53AE /* RESideMenu */,
				B7D3227218456BEA008F53AE /* UIImage+ColorAtPixel */,
			);
			path = Libraries;
			sourceTree = "<group>";
		};
		B7D3226518456BEA008F53AE /* MFLJoystick */ = {
			isa = PBXGroup;
			children = (
				B7D3226618456BEA008F53AE /* MFLJoystick.h */,
				B7D3226718456BEA008F53AE /* MFLJoystick.m */,
			);
			path = MFLJoystick;
			sourceTree = "<group>";
		};
		B7D3226818456BEA008F53AE /* OBShapedButton */ = {
			isa = PBXGroup;
			children = (
				B7D3226918456BEA008F53AE /* OBShapedButton.h */,
				B7D3226A18456BEA008F53AE /* OBShapedButton.m */,
			);
			path = OBShapedButton;
			sourceTree = "<group>";
		};
		B7D3226B18456BEA008F53AE /* RESideMenu */ = {
			isa = PBXGroup;
			children = (
				B7D3226C18456BEA008F53AE /* RECommonFunctions.h */,
				B7D3226D18456BEA008F53AE /* RECommonFunctions.m */,
				B7D3226E18456BEA008F53AE /* RESideMenu.h */,
				B7D3226F18456BEA008F53AE /* RESideMenu.m */,
				B7D3227018456BEA008F53AE /* UIViewController+RESideMenu.h */,
				B7D3227118456BEA008F53AE /* UIViewController+RESideMenu.m */,
			);
			path = RESideMenu;
			sourceTree = "<group>";
		};
		B7D3227218456BEA008F53AE /* UIImage+ColorAtPixel */ = {
			isa = PBXGroup;
			children = (
				B7D3227318456BEA008F53AE /* UIImage+ColorAtPixel.h */,
				B7D3227418456BEA008F53AE /* UIImage+ColorAtPixel.m */,
			);
			path = "UIImage+ColorAtPixel";
			sourceTree = "<group>";
		};
		B7E3A794183C0B3800DD3926 /* GameController */ = {
			isa = PBXGroup;
			children = (
				B7EDFDFC1835C22E002FECA0 /* GameControllerViewController.h */,
				B7EDFDFD1835C22E002FECA0 /* GameControllerViewController.m */,
			);
			name = GameController;
			sourceTree = "<group>";
		};
		B7E3A798183C135500DD3926 /* PowerRelay */ = {
			isa = PBXGroup;
			children = (
				B7EDFDF61835A6FD002FECA0 /* PowerRelayViewController.h */,
				B7EDFDF71835A6FD002FECA0 /* PowerRelayViewController.m */,
				B7EDFDF91835A788002FECA0 /* PowerSwitchButtonView.h */,
				B7EDFDFA1835A788002FECA0 /* PowerSwitchButtonView.m */,
				B7AE660A18431451007C45A3 /* PowerOtherStateView.h */,
				B7AE660B18431451007C45A3 /* PowerOtherStateView.m */,
			);
			name = PowerRelay;
			sourceTree = "<group>";
		};
/* End PBXGroup section */

/* Begin PBXNativeTarget section */
		B7B73BED17F256B3008E6769 /* BLEduino */ = {
			isa = PBXNativeTarget;
			buildConfigurationList = B7B73C2017F256B3008E6769 /* Build configuration list for PBXNativeTarget "BLEduino" */;
			buildPhases = (
				B7B73BEA17F256B3008E6769 /* Sources */,
				B7B73BEB17F256B3008E6769 /* Frameworks */,
				B7B73BEC17F256B3008E6769 /* Resources */,
			);
			buildRules = (
			);
			dependencies = (
			);
			name = BLEduino;
			productName = BLEduino;
			productReference = B7B73BEE17F256B3008E6769 /* BLEduino.app */;
			productType = "com.apple.product-type.application";
		};
		B7B73C0E17F256B3008E6769 /* BLEduinoTests */ = {
			isa = PBXNativeTarget;
			buildConfigurationList = B7B73C2317F256B3008E6769 /* Build configuration list for PBXNativeTarget "BLEduinoTests" */;
			buildPhases = (
				B7B73C0B17F256B3008E6769 /* Sources */,
				B7B73C0C17F256B3008E6769 /* Frameworks */,
				B7B73C0D17F256B3008E6769 /* Resources */,
			);
			buildRules = (
			);
			dependencies = (
				B7B73C1517F256B3008E6769 /* PBXTargetDependency */,
			);
			name = BLEduinoTests;
			productName = BLEduinoTests;
			productReference = B7B73C0F17F256B3008E6769 /* BLEduinoTests.xctest */;
			productType = "com.apple.product-type.bundle.unit-test";
		};
/* End PBXNativeTarget section */

/* Begin PBXProject section */
		B7B73BE617F256B3008E6769 /* Project object */ = {
			isa = PBXProject;
			attributes = {
				LastUpgradeCheck = 0500;
				ORGANIZATIONNAME = Kytelabs;
				TargetAttributes = {
					B7B73C0E17F256B3008E6769 = {
						TestTargetID = B7B73BED17F256B3008E6769;
					};
				};
			};
			buildConfigurationList = B7B73BE917F256B3008E6769 /* Build configuration list for PBXProject "BLEduino" */;
			compatibilityVersion = "Xcode 3.2";
			developmentRegion = English;
			hasScannedForEncodings = 0;
			knownRegions = (
				en,
				Base,
			);
			mainGroup = B7B73BE517F256B3008E6769;
			productRefGroup = B7B73BEF17F256B3008E6769 /* Products */;
			projectDirPath = "";
			projectRoot = "";
			targets = (
				B7B73BED17F256B3008E6769 /* BLEduino */,
				B7B73C0E17F256B3008E6769 /* BLEduinoTests */,
			);
		};
/* End PBXProject section */

/* Begin PBXResourcesBuildPhase section */
		B7B73BEC17F256B3008E6769 /* Resources */ = {
			isa = PBXResourcesBuildPhase;
			buildActionMask = 2147483647;
			files = (
				B79D7932183E904200CB68D8 /* arrow-right.png in Resources */,
				B79D7935183E904200CB68D8 /* arrow-up@2x.png in Resources */,
				B7AE65D81842BFC3007C45A3 /* led.png in Resources */,
				B7AE65E61842C215007C45A3 /* bridge.png in Resources */,
				B79D793C183E90D000CB68D8 /* joystick-bg.png in Resources */,
				B79D793E183E90D000CB68D8 /* blue-x.png in Resources */,
				B7AE65FC184307C7007C45A3 /* contact.png in Resources */,
				B7D322631844839D008F53AE /* led-small@2x.png in Resources */,
				B7AE65E81842C215007C45A3 /* power.png in Resources */,
				B7AE660F18433C56007C45A3 /* sunset-bg.jpg in Resources */,
				B7AE65E31842C215007C45A3 /* lcd.png in Resources */,
				B7AE660918430CA7007C45A3 /* menu@2x.png in Resources */,
				B79D792F183E904200CB68D8 /* arrow-down@2x.png in Resources */,
				B79D793F183E90D000CB68D8 /* red-a.png in Resources */,
				B7AE65E51842C215007C45A3 /* notifications.png in Resources */,
				B79D7931183E904200CB68D8 /* arrow-left@2x.png in Resources */,
				B78D3FC81832CCC00058BFD6 /* Images.xcassets in Resources */,
				B7AE65F9184307C7007C45A3 /* hardware.png in Resources */,
				B7AE65FF184307C7007C45A3 /* settings@2x.png in Resources */,
				B7AE65FA184307C7007C45A3 /* hardware@2x.png in Resources */,
				B79D792E183E904200CB68D8 /* arrow-down.png in Resources */,
				B7B73BFC17F256B3008E6769 /* InfoPlist.strings in Resources */,
				B79D793D183E90D000CB68D8 /* yellow-b.png in Resources */,
				B79D7934183E904200CB68D8 /* arrow-up.png in Resources */,
				B7AE65FB184307C7007C45A3 /* contact@2x.png in Resources */,
				B79D7933183E904200CB68D8 /* arrow-right@2x.png in Resources */,
				B7AE65E71842C215007C45A3 /* controller.png in Resources */,
				B7AE65D61842BF2E007C45A3 /* car.png in Resources */,
				B7AE65FE184307C7007C45A3 /* manager@2x.png in Resources */,
				B79D793B183E90D000CB68D8 /* green-y.png in Resources */,
				B7AE65FD184307C7007C45A3 /* manager.png in Resources */,
				B79D7930183E904200CB68D8 /* arrow-left.png in Resources */,
				B7B73C0517F256B3008E6769 /* Main.storyboard in Resources */,
				B79D7954183F238B00CB68D8 /* blue-bg.jpg in Resources */,
				B7D322621844839D008F53AE /* led-small.png in Resources */,
				B7AE6601184307C7007C45A3 /* modules.png in Resources */,
				B7AE660818430CA7007C45A3 /* menu.png in Resources */,
				B7AE65EB1842CBB6007C45A3 /* bridge-s.png in Resources */,
				B79D794B183ECF1D00CB68D8 /* VerticalJoystickView.xib in Resources */,
				B7AE65EC1842CBB6007C45A3 /* notifications-s.png in Resources */,
				B79D7959183F238B00CB68D8 /* silver-bg.jpg in Resources */,
				B7AE65E21842C215007C45A3 /* keyboard.png in Resources */,
				B7AE6600184307C7007C45A3 /* settings.png in Resources */,
				B7AE661018433C56007C45A3 /* midnight-bg.jpg in Resources */,
				B7AE6602184307C7007C45A3 /* modules@2x.png in Resources */,
				B79D7947183EA81B00CB68D8 /* joystick-hold.png in Resources */,
				B79D7946183EA81B00CB68D8 /* joystick-neutral.png in Resources */,
			);
			runOnlyForDeploymentPostprocessing = 0;
		};
		B7B73C0D17F256B3008E6769 /* Resources */ = {
			isa = PBXResourcesBuildPhase;
			buildActionMask = 2147483647;
			files = (
				B7B73C1B17F256B3008E6769 /* InfoPlist.strings in Resources */,
			);
			runOnlyForDeploymentPostprocessing = 0;
		};
/* End PBXResourcesBuildPhase section */

/* Begin PBXSourcesBuildPhase section */
		B7B73BEA17F256B3008E6769 /* Sources */ = {
			isa = PBXSourcesBuildPhase;
			buildActionMask = 2147483647;
			files = (
				B7B73C2D17F25A58008E6769 /* UARTService.m in Sources */,
				B7851D4417FDFDAB00181C53 /* LeDiscoveryTableViewController.m in Sources */,
				B72D18591826FBBF00BD1A2D /* VehicleMotionService.m in Sources */,
				B72D18651826FED500BD1A2D /* ControllerService.m in Sources */,
				B7A8C3941832CB69009A4577 /* BleduinoRootController.m in Sources */,
				B7B73C0217F256B3008E6769 /* AppDelegate.m in Sources */,
				B7D3227518456BEA008F53AE /* MFLJoystick.m in Sources */,
				B7EDFDFB1835A788002FECA0 /* PowerSwitchButtonView.m in Sources */,
				B72E580118104B8F00745BD8 /* BleService.m in Sources */,
				B7EB1CF01830D6010060441E /* NotificationAttributesCharacteristic.m in Sources */,
				B75EC50F17FB39CD000309FF /* ModulesCollectionViewController.m in Sources */,
				B7D3227818456BEA008F53AE /* RESideMenu.m in Sources */,
				B7B562F318289D7D0056C6EE /* ThrottleYawRollPitchCharacteristic.m in Sources */,
				B72D185C1826FC4F00BD1A2D /* NotificationService.m in Sources */,
				B7A8C3851832C5EE009A4577 /* SideMenuTableViewController.m in Sources */,
				B75EC50917FA85EE000309FF /* LeDiscoveryManager.m in Sources */,
				B73447C318305596006F76C2 /* ButtonActionCharacteristic.m in Sources */,
				B7BEFC2B18332E7600EA6E78 /* LEDModuleTableViewController.m in Sources */,
				B7EB1CED1830972A0060441E /* BLEduinoPeripheral.m in Sources */,
				B7FAC246182AEA7E00F33CE8 /* FirmataCommandCharacteristic.m in Sources */,
				B75EC54917FB7AF7000309FF /* KeyboardModuleTableViewController.m in Sources */,
				B7B73BFE17F256B3008E6769 /* main.m in Sources */,
				B7AE660C18431451007C45A3 /* PowerOtherStateView.m in Sources */,
				B7EDFDF81835A6FD002FECA0 /* PowerRelayViewController.m in Sources */,
				B79D7866183C60D400CB68D8 /* HorizontalJoystickControlView.m in Sources */,
				B7D3227618456BEA008F53AE /* OBShapedButton.m in Sources */,
				B7EDFE011835C2A0002FECA0 /* RadioControlledViewController.m in Sources */,
				B72D18621826FEA600BD1A2D /* BleBridgeService.m in Sources */,
				B72D185F1826FE8100BD1A2D /* FirmataService.m in Sources */,
				B7650774184264C300ACE0A2 /* SettingsNumberCell.m in Sources */,
				B79D7863183C5F3000CB68D8 /* VerticalJoystickControlView.m in Sources */,
				B765076B1841EA9400ACE0A2 /* SettingsTableViewController.m in Sources */,
				B79D795D183FC5BD00CB68D8 /* OrientationNavigationController.m in Sources */,
				B7650771184264A900ACE0A2 /* SettingsSwitchCell.m in Sources */,
				B7D3227C18456DC4008F53AE /* ModuleCollectionViewCell.m in Sources */,
				B7D3227A18456BEA008F53AE /* UIImage+ColorAtPixel.m in Sources */,
				B7EDFDFE1835C22E002FECA0 /* GameControllerViewController.m in Sources */,
				B7D3227718456BEA008F53AE /* RECommonFunctions.m in Sources */,
				B79D79C018405F3200CB68D8 /* LCDTableViewController.m in Sources */,
				B7D3227918456BEA008F53AE /* UIViewController+RESideMenu.m in Sources */,
			);
			runOnlyForDeploymentPostprocessing = 0;
		};
		B7B73C0B17F256B3008E6769 /* Sources */ = {
			isa = PBXSourcesBuildPhase;
			buildActionMask = 2147483647;
			files = (
				B7B73C1D17F256B3008E6769 /* BLEduinoTests.m in Sources */,
			);
			runOnlyForDeploymentPostprocessing = 0;
		};
/* End PBXSourcesBuildPhase section */

/* Begin PBXTargetDependency section */
		B7B73C1517F256B3008E6769 /* PBXTargetDependency */ = {
			isa = PBXTargetDependency;
			target = B7B73BED17F256B3008E6769 /* BLEduino */;
			targetProxy = B7B73C1417F256B3008E6769 /* PBXContainerItemProxy */;
		};
/* End PBXTargetDependency section */

/* Begin PBXVariantGroup section */
		B7B73BFA17F256B3008E6769 /* InfoPlist.strings */ = {
			isa = PBXVariantGroup;
			children = (
				B7B73BFB17F256B3008E6769 /* en */,
			);
			name = InfoPlist.strings;
			sourceTree = "<group>";
		};
		B7B73C0317F256B3008E6769 /* Main.storyboard */ = {
			isa = PBXVariantGroup;
			children = (
				B7B73C0417F256B3008E6769 /* Base */,
			);
			name = Main.storyboard;
			sourceTree = "<group>";
		};
		B7B73C1917F256B3008E6769 /* InfoPlist.strings */ = {
			isa = PBXVariantGroup;
			children = (
				B7B73C1A17F256B3008E6769 /* en */,
			);
			name = InfoPlist.strings;
			sourceTree = "<group>";
		};
/* End PBXVariantGroup section */

/* Begin XCBuildConfiguration section */
		B7B73C1E17F256B3008E6769 /* Debug */ = {
			isa = XCBuildConfiguration;
			buildSettings = {
				ALWAYS_SEARCH_USER_PATHS = NO;
				CLANG_CXX_LANGUAGE_STANDARD = "gnu++0x";
				CLANG_CXX_LIBRARY = "libc++";
				CLANG_ENABLE_MODULES = YES;
				CLANG_ENABLE_OBJC_ARC = YES;
				CLANG_WARN_BOOL_CONVERSION = YES;
				CLANG_WARN_CONSTANT_CONVERSION = YES;
				CLANG_WARN_DIRECT_OBJC_ISA_USAGE = YES_ERROR;
				CLANG_WARN_EMPTY_BODY = YES;
				CLANG_WARN_ENUM_CONVERSION = YES;
				CLANG_WARN_INT_CONVERSION = YES;
				CLANG_WARN_OBJC_ROOT_CLASS = YES_ERROR;
				CLANG_WARN__DUPLICATE_METHOD_MATCH = YES;
				"CODE_SIGN_IDENTITY[sdk=iphoneos*]" = "iPhone Developer";
				COPY_PHASE_STRIP = NO;
				GCC_C_LANGUAGE_STANDARD = gnu99;
				GCC_DYNAMIC_NO_PIC = NO;
				GCC_OPTIMIZATION_LEVEL = 0;
				GCC_PREPROCESSOR_DEFINITIONS = (
					"DEBUG=1",
					"$(inherited)",
				);
				GCC_SYMBOLS_PRIVATE_EXTERN = NO;
				GCC_WARN_64_TO_32_BIT_CONVERSION = YES;
				GCC_WARN_ABOUT_RETURN_TYPE = YES_ERROR;
				GCC_WARN_UNDECLARED_SELECTOR = YES;
				GCC_WARN_UNINITIALIZED_AUTOS = YES;
				GCC_WARN_UNUSED_FUNCTION = YES;
				GCC_WARN_UNUSED_VARIABLE = YES;
				IPHONEOS_DEPLOYMENT_TARGET = 7.0;
				ONLY_ACTIVE_ARCH = YES;
				SDKROOT = iphoneos;
			};
			name = Debug;
		};
		B7B73C1F17F256B3008E6769 /* Release */ = {
			isa = XCBuildConfiguration;
			buildSettings = {
				ALWAYS_SEARCH_USER_PATHS = NO;
				CLANG_CXX_LANGUAGE_STANDARD = "gnu++0x";
				CLANG_CXX_LIBRARY = "libc++";
				CLANG_ENABLE_MODULES = YES;
				CLANG_ENABLE_OBJC_ARC = YES;
				CLANG_WARN_BOOL_CONVERSION = YES;
				CLANG_WARN_CONSTANT_CONVERSION = YES;
				CLANG_WARN_DIRECT_OBJC_ISA_USAGE = YES_ERROR;
				CLANG_WARN_EMPTY_BODY = YES;
				CLANG_WARN_ENUM_CONVERSION = YES;
				CLANG_WARN_INT_CONVERSION = YES;
				CLANG_WARN_OBJC_ROOT_CLASS = YES_ERROR;
				CLANG_WARN__DUPLICATE_METHOD_MATCH = YES;
				"CODE_SIGN_IDENTITY[sdk=iphoneos*]" = "iPhone Developer";
				COPY_PHASE_STRIP = YES;
				ENABLE_NS_ASSERTIONS = NO;
				GCC_C_LANGUAGE_STANDARD = gnu99;
				GCC_WARN_64_TO_32_BIT_CONVERSION = YES;
				GCC_WARN_ABOUT_RETURN_TYPE = YES_ERROR;
				GCC_WARN_UNDECLARED_SELECTOR = YES;
				GCC_WARN_UNINITIALIZED_AUTOS = YES;
				GCC_WARN_UNUSED_FUNCTION = YES;
				GCC_WARN_UNUSED_VARIABLE = YES;
				IPHONEOS_DEPLOYMENT_TARGET = 7.0;
				SDKROOT = iphoneos;
				VALIDATE_PRODUCT = YES;
			};
			name = Release;
		};
		B7B73C2117F256B3008E6769 /* Debug */ = {
			isa = XCBuildConfiguration;
			buildSettings = {
				ASSETCATALOG_COMPILER_APPICON_NAME = AppIcon;
				ASSETCATALOG_COMPILER_LAUNCHIMAGE_NAME = LaunchImage;
				GCC_PRECOMPILE_PREFIX_HEADER = YES;
				GCC_PREFIX_HEADER = "BLEduino/BLEduino-Prefix.pch";
				INFOPLIST_FILE = "BLEduino/BLEduino-Info.plist";
				PRODUCT_NAME = "$(TARGET_NAME)";
				PROVISIONING_PROFILE = "";
				USER_HEADER_SEARCH_PATHS = "\"$(SRCROOT)/Libraries\"/**";
				WRAPPER_EXTENSION = app;
			};
			name = Debug;
		};
		B7B73C2217F256B3008E6769 /* Release */ = {
			isa = XCBuildConfiguration;
			buildSettings = {
				ASSETCATALOG_COMPILER_APPICON_NAME = AppIcon;
				ASSETCATALOG_COMPILER_LAUNCHIMAGE_NAME = LaunchImage;
				GCC_PRECOMPILE_PREFIX_HEADER = YES;
				GCC_PREFIX_HEADER = "BLEduino/BLEduino-Prefix.pch";
				INFOPLIST_FILE = "BLEduino/BLEduino-Info.plist";
				PRODUCT_NAME = "$(TARGET_NAME)";
				PROVISIONING_PROFILE = "";
				USER_HEADER_SEARCH_PATHS = "\"$(SRCROOT)/Libraries\"/**";
				WRAPPER_EXTENSION = app;
			};
			name = Release;
		};
		B7B73C2417F256B3008E6769 /* Debug */ = {
			isa = XCBuildConfiguration;
			buildSettings = {
				BUNDLE_LOADER = "$(BUILT_PRODUCTS_DIR)/BLEduino.app/BLEduino";
				FRAMEWORK_SEARCH_PATHS = (
					"$(SDKROOT)/Developer/Library/Frameworks",
					"$(inherited)",
					"$(DEVELOPER_FRAMEWORKS_DIR)",
				);
				GCC_PRECOMPILE_PREFIX_HEADER = YES;
				GCC_PREFIX_HEADER = "BLEduino/BLEduino-Prefix.pch";
				GCC_PREPROCESSOR_DEFINITIONS = (
					"DEBUG=1",
					"$(inherited)",
				);
				INFOPLIST_FILE = "BLEduinoTests/BLEduinoTests-Info.plist";
				PRODUCT_NAME = "$(TARGET_NAME)";
				TEST_HOST = "$(BUNDLE_LOADER)";
				WRAPPER_EXTENSION = xctest;
			};
			name = Debug;
		};
		B7B73C2517F256B3008E6769 /* Release */ = {
			isa = XCBuildConfiguration;
			buildSettings = {
				BUNDLE_LOADER = "$(BUILT_PRODUCTS_DIR)/BLEduino.app/BLEduino";
				FRAMEWORK_SEARCH_PATHS = (
					"$(SDKROOT)/Developer/Library/Frameworks",
					"$(inherited)",
					"$(DEVELOPER_FRAMEWORKS_DIR)",
				);
				GCC_PRECOMPILE_PREFIX_HEADER = YES;
				GCC_PREFIX_HEADER = "BLEduino/BLEduino-Prefix.pch";
				INFOPLIST_FILE = "BLEduinoTests/BLEduinoTests-Info.plist";
				PRODUCT_NAME = "$(TARGET_NAME)";
				TEST_HOST = "$(BUNDLE_LOADER)";
				WRAPPER_EXTENSION = xctest;
			};
			name = Release;
		};
/* End XCBuildConfiguration section */

/* Begin XCConfigurationList section */
		B7B73BE917F256B3008E6769 /* Build configuration list for PBXProject "BLEduino" */ = {
			isa = XCConfigurationList;
			buildConfigurations = (
				B7B73C1E17F256B3008E6769 /* Debug */,
				B7B73C1F17F256B3008E6769 /* Release */,
			);
			defaultConfigurationIsVisible = 0;
			defaultConfigurationName = Release;
		};
		B7B73C2017F256B3008E6769 /* Build configuration list for PBXNativeTarget "BLEduino" */ = {
			isa = XCConfigurationList;
			buildConfigurations = (
				B7B73C2117F256B3008E6769 /* Debug */,
				B7B73C2217F256B3008E6769 /* Release */,
			);
			defaultConfigurationIsVisible = 0;
			defaultConfigurationName = Release;
		};
		B7B73C2317F256B3008E6769 /* Build configuration list for PBXNativeTarget "BLEduinoTests" */ = {
			isa = XCConfigurationList;
			buildConfigurations = (
				B7B73C2417F256B3008E6769 /* Debug */,
				B7B73C2517F256B3008E6769 /* Release */,
			);
			defaultConfigurationIsVisible = 0;
			defaultConfigurationName = Release;
		};
/* End XCConfigurationList section */
	};
	rootObject = B7B73BE617F256B3008E6769 /* Project object */;
}
